// !$*UTF8*$!
{
	archiveVersion = 1;
	classes = {
	};
	objectVersion = 56;
	objects = {

/* Begin PBXBuildFile section */
		400062A42EDF390D0086E14B /* 27-moderation.swift in Sources */ = {isa = PBXBuildFile; fileRef = 400062A32EDF390D0086E14B /* 27-moderation.swift */; };
		400D91B62B63D88100EBA47D /* DocumentationTests.h in Headers */ = {isa = PBXBuildFile; fileRef = 400D91B52B63D88100EBA47D /* DocumentationTests.h */; settings = {ATTRIBUTES = (Public, ); }; };
		400D91C72B63D96800EBA47D /* 03-quickstart.swift in Sources */ = {isa = PBXBuildFile; fileRef = 400D91C62B63D96800EBA47D /* 03-quickstart.swift */; };
		400D91C92B63DB3700EBA47D /* 01-client-auth.swift in Sources */ = {isa = PBXBuildFile; fileRef = 400D91C82B63DB3700EBA47D /* 01-client-auth.swift */; };
		400D91CB2B63DB5F00EBA47D /* GloballyUsedVariables.swift in Sources */ = {isa = PBXBuildFile; fileRef = 400D91CA2B63DB5F00EBA47D /* GloballyUsedVariables.swift */; };
		400D91CD2B63DC2600EBA47D /* 02-joining-creating-calls.swift in Sources */ = {isa = PBXBuildFile; fileRef = 400D91CC2B63DC2600EBA47D /* 02-joining-creating-calls.swift */; };
		400D91CF2B63DE0100EBA47D /* 03-call-and-participant-state.swift in Sources */ = {isa = PBXBuildFile; fileRef = 400D91CE2B63DE0100EBA47D /* 03-call-and-participant-state.swift */; };
		400D91D12B63DEA200EBA47D /* 04-camera-and-microphone.swift in Sources */ = {isa = PBXBuildFile; fileRef = 400D91D02B63DEA200EBA47D /* 04-camera-and-microphone.swift */; };
		400D91D32B63DFA500EBA47D /* 06-querying-calls.swift in Sources */ = {isa = PBXBuildFile; fileRef = 400D91D22B63DFA500EBA47D /* 06-querying-calls.swift */; };
		400D91D52B63E27300EBA47D /* 07-dependency-injection.swift in Sources */ = {isa = PBXBuildFile; fileRef = 400D91D42B63E27300EBA47D /* 07-dependency-injection.swift */; };
		401C1EF42D494CED00304609 /* 24-closed-captions.swift in Sources */ = {isa = PBXBuildFile; fileRef = 401C1EF32D494CED00304609 /* 24-closed-captions.swift */; };
		4029E95E2CB94EAE00E1D571 /* 22-manual-quality-selection.swift in Sources */ = {isa = PBXBuildFile; fileRef = 4029E95D2CB94EA700E1D571 /* 22-manual-quality-selection.swift */; };
		404CAED82B8E3874007087BC /* 06-apply-video-filters.swift in Sources */ = {isa = PBXBuildFile; fileRef = 404CAED72B8E3874007087BC /* 06-apply-video-filters.swift */; };
		4050725D2E5F416A003D2109 /* 26-permissions-prompt-customization.swift in Sources */ = {isa = PBXBuildFile; fileRef = 4050725C2E5F416A003D2109 /* 26-permissions-prompt-customization.swift */; };
		4068C1252B67C056006B0BEE /* 03-callkit-integration.swift in Sources */ = {isa = PBXBuildFile; fileRef = 4068C1242B67C056006B0BEE /* 03-callkit-integration.swift */; };
		40895E622E264BB000D3049D /* 25-incoming-video-state.swift in Sources */ = {isa = PBXBuildFile; fileRef = 40895E612E264BB000D3049D /* 25-incoming-video-state.swift */; };
		408CE0F52BD91B490052EC3A /* 19-transcriptions.swift in Sources */ = {isa = PBXBuildFile; fileRef = 408CE0F42BD91B490052EC3A /* 19-transcriptions.swift */; };
		409774B02CC19F5500E0D3EE /* 23-network-disruption.swift in Sources */ = {isa = PBXBuildFile; fileRef = 409774AF2CC19F4900E0D3EE /* 23-network-disruption.swift */; };
		409C39692B67CC5C0090044C /* 04-screensharing.swift in Sources */ = {isa = PBXBuildFile; fileRef = 409C39682B67CC5C0090044C /* 04-screensharing.swift */; };
		409C396B2B67CD0B0090044C /* 05-picture-in-picture.swift in Sources */ = {isa = PBXBuildFile; fileRef = 409C396A2B67CD0B0090044C /* 05-picture-in-picture.swift */; };
		409C396D2B67CD780090044C /* 08-recording.swift in Sources */ = {isa = PBXBuildFile; fileRef = 409C396C2B67CD780090044C /* 08-recording.swift */; };
		409C396F2B67CDF30090044C /* 09-broadcasting.swift in Sources */ = {isa = PBXBuildFile; fileRef = 409C396E2B67CDF30090044C /* 09-broadcasting.swift */; };
		409F10EA2BE11698000A984B /* StreamVideoNoiseCancellation in Frameworks */ = {isa = PBXBuildFile; productRef = 409F10E92BE11698000A984B /* StreamVideoNoiseCancellation */; };
		40AB356B2B73965D00E465CC /* 16-snapshot.swift in Sources */ = {isa = PBXBuildFile; fileRef = 40AB356A2B73965D00E465CC /* 16-snapshot.swift */; };
		40AD64BB2DC2671E0077AE15 /* 05-proximity-policies.swift in Sources */ = {isa = PBXBuildFile; fileRef = 40AD64BA2DC2671B0077AE15 /* 05-proximity-policies.swift */; };
		40B468982B67B6DF009B5B3E /* 01-deeplinking.swift in Sources */ = {isa = PBXBuildFile; fileRef = 40B468972B67B6DF009B5B3E /* 01-deeplinking.swift */; };
		40CB9FA92B7FC7DB006BED93 /* 17-camera-zoom.swift in Sources */ = {isa = PBXBuildFile; fileRef = 40CB9FA82B7FC7DB006BED93 /* 17-camera-zoom.swift */; };
		40E23B9B2B67BA4100D11FC1 /* 02-push-notifications.swift in Sources */ = {isa = PBXBuildFile; fileRef = 40E23B9A2B67BA4100D11FC1 /* 02-push-notifications.swift */; };
		40F18B902BEBC97F00ADF76E /* 18-call-quality-rating.swift in Sources */ = {isa = PBXBuildFile; fileRef = 40F18B8F2BEBC97F00ADF76E /* 18-call-quality-rating.swift */; };
		40F290AB2BDFB37000DCF136 /* 16-noise-cancellation.swift in Sources */ = {isa = PBXBuildFile; fileRef = 40F290AA2BDFB37000DCF136 /* 16-noise-cancellation.swift */; };
		40F290AD2BDFB3CA00DCF136 /* 20-noise-cancellation.swift in Sources */ = {isa = PBXBuildFile; fileRef = 40F290AC2BDFB3CA00DCF136 /* 20-noise-cancellation.swift */; };
		40FFDC372B63E400004DA7A2 /* 08-permissions-and-moderation.swift in Sources */ = {isa = PBXBuildFile; fileRef = 40FFDC362B63E400004DA7A2 /* 08-permissions-and-moderation.swift */; };
		40FFDC392B63E459004DA7A2 /* 09-reactions.swift in Sources */ = {isa = PBXBuildFile; fileRef = 40FFDC382B63E459004DA7A2 /* 09-reactions.swift */; };
		40FFDC3B2B63E493004DA7A2 /* 10-view-slots.swift in Sources */ = {isa = PBXBuildFile; fileRef = 40FFDC3A2B63E493004DA7A2 /* 10-view-slots.swift */; };
		40FFDC3D2B63E6EC004DA7A2 /* 11-call-lifecycle.swift in Sources */ = {isa = PBXBuildFile; fileRef = 40FFDC3C2B63E6EC004DA7A2 /* 11-call-lifecycle.swift */; };
		40FFDC3F2B63E734004DA7A2 /* 12-call-state.swift in Sources */ = {isa = PBXBuildFile; fileRef = 40FFDC3E2B63E734004DA7A2 /* 12-call-state.swift */; };
		40FFDC442B63E95D004DA7A2 /* 14-swiftui-vs-uikit.swift in Sources */ = {isa = PBXBuildFile; fileRef = 40FFDC432B63E95D004DA7A2 /* 14-swiftui-vs-uikit.swift */; };
		40FFDC462B63EA54004DA7A2 /* 15-migration-from-dolby.swift in Sources */ = {isa = PBXBuildFile; fileRef = 40FFDC452B63EA54004DA7A2 /* 15-migration-from-dolby.swift */; };
		40FFDC492B63EB92004DA7A2 /* 01-call-container.swift in Sources */ = {isa = PBXBuildFile; fileRef = 40FFDC482B63EB92004DA7A2 /* 01-call-container.swift */; };
		40FFDC4B2B63EC3D004DA7A2 /* 02-outgoing-call.swift in Sources */ = {isa = PBXBuildFile; fileRef = 40FFDC4A2B63EC3D004DA7A2 /* 02-outgoing-call.swift */; };
		40FFDC4D2B63ED16004DA7A2 /* 03-incoming-call.swift in Sources */ = {isa = PBXBuildFile; fileRef = 40FFDC4C2B63ED16004DA7A2 /* 03-incoming-call.swift */; };
		40FFDC4F2B63EE50004DA7A2 /* 04-active-call.swift in Sources */ = {isa = PBXBuildFile; fileRef = 40FFDC4E2B63EE50004DA7A2 /* 04-active-call.swift */; };
		40FFDC512B63EF58004DA7A2 /* 05-call-controls.swift in Sources */ = {isa = PBXBuildFile; fileRef = 40FFDC502B63EF58004DA7A2 /* 05-call-controls.swift */; };
		40FFDC532B63EFA2004DA7A2 /* 06-call-app-bar.swift in Sources */ = {isa = PBXBuildFile; fileRef = 40FFDC522B63EFA2004DA7A2 /* 06-call-app-bar.swift */; };
		40FFDC552B63EFD3004DA7A2 /* 07-screen-share-content.swift in Sources */ = {isa = PBXBuildFile; fileRef = 40FFDC542B63EFD3004DA7A2 /* 07-screen-share-content.swift */; };
		40FFDC5A2B63F08D004DA7A2 /* 01-call-participant.swift in Sources */ = {isa = PBXBuildFile; fileRef = 40FFDC592B63F08D004DA7A2 /* 01-call-participant.swift */; };
		40FFDC5C2B63F137004DA7A2 /* 02-call-participants.swift in Sources */ = {isa = PBXBuildFile; fileRef = 40FFDC5B2B63F137004DA7A2 /* 02-call-participants.swift */; };
		40FFDC5E2B63F236004DA7A2 /* 03-call-participants-info-menu.swift in Sources */ = {isa = PBXBuildFile; fileRef = 40FFDC5D2B63F236004DA7A2 /* 03-call-participants-info-menu.swift */; };
		40FFDC602B63F2EC004DA7A2 /* 04-local-video.swift in Sources */ = {isa = PBXBuildFile; fileRef = 40FFDC5F2B63F2EC004DA7A2 /* 04-local-video.swift */; };
		40FFDC632B63F370004DA7A2 /* 02-sound-indicator.swift in Sources */ = {isa = PBXBuildFile; fileRef = 40FFDC622B63F370004DA7A2 /* 02-sound-indicator.swift */; };
		40FFDC652B63F395004DA7A2 /* 03-avatars.swift in Sources */ = {isa = PBXBuildFile; fileRef = 40FFDC642B63F395004DA7A2 /* 03-avatars.swift */; };
		40FFDC672B63F430004DA7A2 /* 04-connection-quality-indicator.swift in Sources */ = {isa = PBXBuildFile; fileRef = 40FFDC662B63F430004DA7A2 /* 04-connection-quality-indicator.swift */; };
		40FFDC692B63F474004DA7A2 /* 05-call-background.swift in Sources */ = {isa = PBXBuildFile; fileRef = 40FFDC682B63F474004DA7A2 /* 05-call-background.swift */; };
		40FFDC6B2B63F4AB004DA7A2 /* 02-video-renderer.swift in Sources */ = {isa = PBXBuildFile; fileRef = 40FFDC6A2B63F4AB004DA7A2 /* 02-video-renderer.swift */; };
		40FFDC6D2B63F556004DA7A2 /* 03-video-theme.swift in Sources */ = {isa = PBXBuildFile; fileRef = 40FFDC6C2B63F556004DA7A2 /* 03-video-theme.swift */; };
		40FFDC6F2B63F58B004DA7A2 /* 04-customizing-views.swift in Sources */ = {isa = PBXBuildFile; fileRef = 40FFDC6E2B63F58B004DA7A2 /* 04-customizing-views.swift */; };
		40FFDC712B63F5C1004DA7A2 /* 05-uikit-customizations.swift in Sources */ = {isa = PBXBuildFile; fileRef = 40FFDC702B63F5C1004DA7A2 /* 05-uikit-customizations.swift */; };
		40FFDC742B63F767004DA7A2 /* StreamChatSwiftUI in Frameworks */ = {isa = PBXBuildFile; productRef = 40FFDC732B63F767004DA7A2 /* StreamChatSwiftUI */; };
		40FFDC762B63F7D6004DA7A2 /* ChatGloballyUsedVariables.swift in Sources */ = {isa = PBXBuildFile; fileRef = 40FFDC752B63F7D6004DA7A2 /* ChatGloballyUsedVariables.swift */; };
		40FFDC782B63FA2E004DA7A2 /* 06-view-model.swift in Sources */ = {isa = PBXBuildFile; fileRef = 40FFDC772B63FA2E004DA7A2 /* 06-view-model.swift */; };
		40FFDC7A2B63FA96004DA7A2 /* 02-replacing-call-controls.swift in Sources */ = {isa = PBXBuildFile; fileRef = 40FFDC792B63FA96004DA7A2 /* 02-replacing-call-controls.swift */; };
		40FFDC7C2B63FB76004DA7A2 /* 03-custom-label.swift in Sources */ = {isa = PBXBuildFile; fileRef = 40FFDC7B2B63FB76004DA7A2 /* 03-custom-label.swift */; };
		40FFDC7E2B63FC10004DA7A2 /* 04-video-layout.swift in Sources */ = {isa = PBXBuildFile; fileRef = 40FFDC7D2B63FC10004DA7A2 /* 04-video-layout.swift */; };
		40FFDC812B63FD92004DA7A2 /* StreamVideo in Frameworks */ = {isa = PBXBuildFile; productRef = 40FFDC802B63FD92004DA7A2 /* StreamVideo */; };
		40FFDC832B63FD92004DA7A2 /* StreamVideoSwiftUI in Frameworks */ = {isa = PBXBuildFile; productRef = 40FFDC822B63FD92004DA7A2 /* StreamVideoSwiftUI */; };
		40FFDC852B63FD92004DA7A2 /* StreamVideoUIKit in Frameworks */ = {isa = PBXBuildFile; productRef = 40FFDC842B63FD92004DA7A2 /* StreamVideoUIKit */; };
		40FFDC872B63FEAE004DA7A2 /* 05-incoming-call.swift in Sources */ = {isa = PBXBuildFile; fileRef = 40FFDC862B63FEAE004DA7A2 /* 05-incoming-call.swift */; };
		40FFDC922B63FF70004DA7A2 /* 06-lobby-preview.swift in Sources */ = {isa = PBXBuildFile; fileRef = 40FFDC912B63FF70004DA7A2 /* 06-lobby-preview.swift */; };
		40FFDC942B6401CC004DA7A2 /* 07-video-fallback.swift in Sources */ = {isa = PBXBuildFile; fileRef = 40FFDC932B6401CC004DA7A2 /* 07-video-fallback.swift */; };
		40FFDC962B64023A004DA7A2 /* 08-permission-requests.swift in Sources */ = {isa = PBXBuildFile; fileRef = 40FFDC952B64023A004DA7A2 /* 08-permission-requests.swift */; };
		40FFDC982B640566004DA7A2 /* 09-audio-volume-indicator.swift in Sources */ = {isa = PBXBuildFile; fileRef = 40FFDC972B640566004DA7A2 /* 09-audio-volume-indicator.swift */; };
		40FFDC9A2B6405C7004DA7A2 /* 10-network-quality-indicator.swift in Sources */ = {isa = PBXBuildFile; fileRef = 40FFDC992B6405C7004DA7A2 /* 10-network-quality-indicator.swift */; };
		40FFDC9C2B6405EA004DA7A2 /* 11-speaking-while-muted.swift in Sources */ = {isa = PBXBuildFile; fileRef = 40FFDC9B2B6405EA004DA7A2 /* 11-speaking-while-muted.swift */; };
		40FFDC9E2B64063D004DA7A2 /* 12-connection-unstable.swift in Sources */ = {isa = PBXBuildFile; fileRef = 40FFDC9D2B64063D004DA7A2 /* 12-connection-unstable.swift */; };
		40FFDCA02B640676004DA7A2 /* 13-pinning-users.swift in Sources */ = {isa = PBXBuildFile; fileRef = 40FFDC9F2B640676004DA7A2 /* 13-pinning-users.swift */; };
		40FFDCA22B640741004DA7A2 /* 14-livestream-player.swift in Sources */ = {isa = PBXBuildFile; fileRef = 40FFDCA12B640741004DA7A2 /* 14-livestream-player.swift */; };
		40FFDCA42B640772004DA7A2 /* 15-long-press-to-focus.swift in Sources */ = {isa = PBXBuildFile; fileRef = 40FFDCA32B640772004DA7A2 /* 15-long-press-to-focus.swift */; };
		40FFDCA62B6408DE004DA7A2 /* 00-ringing.swift in Sources */ = {isa = PBXBuildFile; fileRef = 40FFDCA52B6408DE004DA7A2 /* 00-ringing.swift */; };
		845494D72DB9039000211413 /* 13-livestreaming.swift in Sources */ = {isa = PBXBuildFile; fileRef = 845494D62DB9038900211413 /* 13-livestreaming.swift */; };
		84BA15AE2CA2EF420018DC51 /* 07-querying-call-members.swift in Sources */ = {isa = PBXBuildFile; fileRef = 84BA15AD2CA2EF420018DC51 /* 07-querying-call-members.swift */; };
		84BA15B02CA2F04F0018DC51 /* 10-custom-events.swift in Sources */ = {isa = PBXBuildFile; fileRef = 84BA15AF2CA2F04F0018DC51 /* 10-custom-events.swift */; };
/* End PBXBuildFile section */

/* Begin PBXFileReference section */
		400062A32EDF390D0086E14B /* 27-moderation.swift */ = {isa = PBXFileReference; lastKnownFileType = sourcecode.swift; path = "27-moderation.swift"; sourceTree = "<group>"; };
		400D91B22B63D88100EBA47D /* DocumentationTests.framework */ = {isa = PBXFileReference; explicitFileType = wrapper.framework; includeInIndex = 0; path = DocumentationTests.framework; sourceTree = BUILT_PRODUCTS_DIR; };
		400D91B52B63D88100EBA47D /* DocumentationTests.h */ = {isa = PBXFileReference; lastKnownFileType = sourcecode.c.h; path = DocumentationTests.h; sourceTree = "<group>"; };
		400D91C62B63D96800EBA47D /* 03-quickstart.swift */ = {isa = PBXFileReference; lastKnownFileType = sourcecode.swift; path = "03-quickstart.swift"; sourceTree = "<group>"; };
		400D91C82B63DB3700EBA47D /* 01-client-auth.swift */ = {isa = PBXFileReference; lastKnownFileType = sourcecode.swift; path = "01-client-auth.swift"; sourceTree = "<group>"; };
		400D91CA2B63DB5F00EBA47D /* GloballyUsedVariables.swift */ = {isa = PBXFileReference; lastKnownFileType = sourcecode.swift; path = GloballyUsedVariables.swift; sourceTree = "<group>"; };
		400D91CC2B63DC2600EBA47D /* 02-joining-creating-calls.swift */ = {isa = PBXFileReference; lastKnownFileType = sourcecode.swift; path = "02-joining-creating-calls.swift"; sourceTree = "<group>"; };
		400D91CE2B63DE0100EBA47D /* 03-call-and-participant-state.swift */ = {isa = PBXFileReference; lastKnownFileType = sourcecode.swift; path = "03-call-and-participant-state.swift"; sourceTree = "<group>"; };
		400D91D02B63DEA200EBA47D /* 04-camera-and-microphone.swift */ = {isa = PBXFileReference; lastKnownFileType = sourcecode.swift; path = "04-camera-and-microphone.swift"; sourceTree = "<group>"; };
		400D91D22B63DFA500EBA47D /* 06-querying-calls.swift */ = {isa = PBXFileReference; lastKnownFileType = sourcecode.swift; path = "06-querying-calls.swift"; sourceTree = "<group>"; };
		400D91D42B63E27300EBA47D /* 07-dependency-injection.swift */ = {isa = PBXFileReference; lastKnownFileType = sourcecode.swift; path = "07-dependency-injection.swift"; sourceTree = "<group>"; };
		401C1EF32D494CED00304609 /* 24-closed-captions.swift */ = {isa = PBXFileReference; lastKnownFileType = sourcecode.swift; path = "24-closed-captions.swift"; sourceTree = "<group>"; };
		4029E95D2CB94EA700E1D571 /* 22-manual-quality-selection.swift */ = {isa = PBXFileReference; lastKnownFileType = sourcecode.swift; path = "22-manual-quality-selection.swift"; sourceTree = "<group>"; };
		404CAED72B8E3874007087BC /* 06-apply-video-filters.swift */ = {isa = PBXFileReference; lastKnownFileType = sourcecode.swift; path = "06-apply-video-filters.swift"; sourceTree = "<group>"; };
		4050725C2E5F416A003D2109 /* 26-permissions-prompt-customization.swift */ = {isa = PBXFileReference; lastKnownFileType = sourcecode.swift; path = "26-permissions-prompt-customization.swift"; sourceTree = "<group>"; };
		4068C1242B67C056006B0BEE /* 03-callkit-integration.swift */ = {isa = PBXFileReference; lastKnownFileType = sourcecode.swift; path = "03-callkit-integration.swift"; sourceTree = "<group>"; };
		40895E612E264BB000D3049D /* 25-incoming-video-state.swift */ = {isa = PBXFileReference; lastKnownFileType = sourcecode.swift; path = "25-incoming-video-state.swift"; sourceTree = "<group>"; };
		408CE0F42BD91B490052EC3A /* 19-transcriptions.swift */ = {isa = PBXFileReference; lastKnownFileType = sourcecode.swift; path = "19-transcriptions.swift"; sourceTree = "<group>"; };
		409774AF2CC19F4900E0D3EE /* 23-network-disruption.swift */ = {isa = PBXFileReference; lastKnownFileType = sourcecode.swift; path = "23-network-disruption.swift"; sourceTree = "<group>"; };
		409C39682B67CC5C0090044C /* 04-screensharing.swift */ = {isa = PBXFileReference; lastKnownFileType = sourcecode.swift; path = "04-screensharing.swift"; sourceTree = "<group>"; };
		409C396A2B67CD0B0090044C /* 05-picture-in-picture.swift */ = {isa = PBXFileReference; lastKnownFileType = sourcecode.swift; path = "05-picture-in-picture.swift"; sourceTree = "<group>"; };
		409C396C2B67CD780090044C /* 08-recording.swift */ = {isa = PBXFileReference; lastKnownFileType = sourcecode.swift; path = "08-recording.swift"; sourceTree = "<group>"; };
		409C396E2B67CDF30090044C /* 09-broadcasting.swift */ = {isa = PBXFileReference; lastKnownFileType = sourcecode.swift; path = "09-broadcasting.swift"; sourceTree = "<group>"; };
		40AB356A2B73965D00E465CC /* 16-snapshot.swift */ = {isa = PBXFileReference; lastKnownFileType = sourcecode.swift; path = "16-snapshot.swift"; sourceTree = "<group>"; };
		40AD64BA2DC2671B0077AE15 /* 05-proximity-policies.swift */ = {isa = PBXFileReference; lastKnownFileType = sourcecode.swift; path = "05-proximity-policies.swift"; sourceTree = "<group>"; };
		40B468972B67B6DF009B5B3E /* 01-deeplinking.swift */ = {isa = PBXFileReference; lastKnownFileType = sourcecode.swift; path = "01-deeplinking.swift"; sourceTree = "<group>"; };
		40CB9FA82B7FC7DB006BED93 /* 17-camera-zoom.swift */ = {isa = PBXFileReference; lastKnownFileType = sourcecode.swift; path = "17-camera-zoom.swift"; sourceTree = "<group>"; };
		40E23B9A2B67BA4100D11FC1 /* 02-push-notifications.swift */ = {isa = PBXFileReference; lastKnownFileType = sourcecode.swift; path = "02-push-notifications.swift"; sourceTree = "<group>"; };
		40F18B8F2BEBC97F00ADF76E /* 18-call-quality-rating.swift */ = {isa = PBXFileReference; lastKnownFileType = sourcecode.swift; path = "18-call-quality-rating.swift"; sourceTree = "<group>"; };
		40F290AA2BDFB37000DCF136 /* 16-noise-cancellation.swift */ = {isa = PBXFileReference; lastKnownFileType = sourcecode.swift; path = "16-noise-cancellation.swift"; sourceTree = "<group>"; };
		40F290AC2BDFB3CA00DCF136 /* 20-noise-cancellation.swift */ = {isa = PBXFileReference; lastKnownFileType = sourcecode.swift; path = "20-noise-cancellation.swift"; sourceTree = "<group>"; };
		40FFDC362B63E400004DA7A2 /* 08-permissions-and-moderation.swift */ = {isa = PBXFileReference; lastKnownFileType = sourcecode.swift; path = "08-permissions-and-moderation.swift"; sourceTree = "<group>"; };
		40FFDC382B63E459004DA7A2 /* 09-reactions.swift */ = {isa = PBXFileReference; lastKnownFileType = sourcecode.swift; path = "09-reactions.swift"; sourceTree = "<group>"; };
		40FFDC3A2B63E493004DA7A2 /* 10-view-slots.swift */ = {isa = PBXFileReference; lastKnownFileType = sourcecode.swift; path = "10-view-slots.swift"; sourceTree = "<group>"; };
		40FFDC3C2B63E6EC004DA7A2 /* 11-call-lifecycle.swift */ = {isa = PBXFileReference; lastKnownFileType = sourcecode.swift; path = "11-call-lifecycle.swift"; sourceTree = "<group>"; };
		40FFDC3E2B63E734004DA7A2 /* 12-call-state.swift */ = {isa = PBXFileReference; lastKnownFileType = sourcecode.swift; path = "12-call-state.swift"; sourceTree = "<group>"; };
		40FFDC432B63E95D004DA7A2 /* 14-swiftui-vs-uikit.swift */ = {isa = PBXFileReference; lastKnownFileType = sourcecode.swift; path = "14-swiftui-vs-uikit.swift"; sourceTree = "<group>"; };
		40FFDC452B63EA54004DA7A2 /* 15-migration-from-dolby.swift */ = {isa = PBXFileReference; lastKnownFileType = sourcecode.swift; path = "15-migration-from-dolby.swift"; sourceTree = "<group>"; };
		40FFDC482B63EB92004DA7A2 /* 01-call-container.swift */ = {isa = PBXFileReference; lastKnownFileType = sourcecode.swift; path = "01-call-container.swift"; sourceTree = "<group>"; };
		40FFDC4A2B63EC3D004DA7A2 /* 02-outgoing-call.swift */ = {isa = PBXFileReference; lastKnownFileType = sourcecode.swift; path = "02-outgoing-call.swift"; sourceTree = "<group>"; };
		40FFDC4C2B63ED16004DA7A2 /* 03-incoming-call.swift */ = {isa = PBXFileReference; lastKnownFileType = sourcecode.swift; path = "03-incoming-call.swift"; sourceTree = "<group>"; };
		40FFDC4E2B63EE50004DA7A2 /* 04-active-call.swift */ = {isa = PBXFileReference; lastKnownFileType = sourcecode.swift; path = "04-active-call.swift"; sourceTree = "<group>"; };
		40FFDC502B63EF58004DA7A2 /* 05-call-controls.swift */ = {isa = PBXFileReference; lastKnownFileType = sourcecode.swift; path = "05-call-controls.swift"; sourceTree = "<group>"; };
		40FFDC522B63EFA2004DA7A2 /* 06-call-app-bar.swift */ = {isa = PBXFileReference; lastKnownFileType = sourcecode.swift; path = "06-call-app-bar.swift"; sourceTree = "<group>"; };
		40FFDC542B63EFD3004DA7A2 /* 07-screen-share-content.swift */ = {isa = PBXFileReference; lastKnownFileType = sourcecode.swift; path = "07-screen-share-content.swift"; sourceTree = "<group>"; };
		40FFDC592B63F08D004DA7A2 /* 01-call-participant.swift */ = {isa = PBXFileReference; lastKnownFileType = sourcecode.swift; path = "01-call-participant.swift"; sourceTree = "<group>"; };
		40FFDC5B2B63F137004DA7A2 /* 02-call-participants.swift */ = {isa = PBXFileReference; lastKnownFileType = sourcecode.swift; path = "02-call-participants.swift"; sourceTree = "<group>"; };
		40FFDC5D2B63F236004DA7A2 /* 03-call-participants-info-menu.swift */ = {isa = PBXFileReference; lastKnownFileType = sourcecode.swift; path = "03-call-participants-info-menu.swift"; sourceTree = "<group>"; };
		40FFDC5F2B63F2EC004DA7A2 /* 04-local-video.swift */ = {isa = PBXFileReference; lastKnownFileType = sourcecode.swift; path = "04-local-video.swift"; sourceTree = "<group>"; };
		40FFDC622B63F370004DA7A2 /* 02-sound-indicator.swift */ = {isa = PBXFileReference; lastKnownFileType = sourcecode.swift; path = "02-sound-indicator.swift"; sourceTree = "<group>"; };
		40FFDC642B63F395004DA7A2 /* 03-avatars.swift */ = {isa = PBXFileReference; lastKnownFileType = sourcecode.swift; path = "03-avatars.swift"; sourceTree = "<group>"; };
		40FFDC662B63F430004DA7A2 /* 04-connection-quality-indicator.swift */ = {isa = PBXFileReference; lastKnownFileType = sourcecode.swift; path = "04-connection-quality-indicator.swift"; sourceTree = "<group>"; };
		40FFDC682B63F474004DA7A2 /* 05-call-background.swift */ = {isa = PBXFileReference; lastKnownFileType = sourcecode.swift; path = "05-call-background.swift"; sourceTree = "<group>"; };
		40FFDC6A2B63F4AB004DA7A2 /* 02-video-renderer.swift */ = {isa = PBXFileReference; lastKnownFileType = sourcecode.swift; path = "02-video-renderer.swift"; sourceTree = "<group>"; };
		40FFDC6C2B63F556004DA7A2 /* 03-video-theme.swift */ = {isa = PBXFileReference; lastKnownFileType = sourcecode.swift; path = "03-video-theme.swift"; sourceTree = "<group>"; };
		40FFDC6E2B63F58B004DA7A2 /* 04-customizing-views.swift */ = {isa = PBXFileReference; lastKnownFileType = sourcecode.swift; path = "04-customizing-views.swift"; sourceTree = "<group>"; };
		40FFDC702B63F5C1004DA7A2 /* 05-uikit-customizations.swift */ = {isa = PBXFileReference; lastKnownFileType = sourcecode.swift; path = "05-uikit-customizations.swift"; sourceTree = "<group>"; };
		40FFDC752B63F7D6004DA7A2 /* ChatGloballyUsedVariables.swift */ = {isa = PBXFileReference; lastKnownFileType = sourcecode.swift; path = ChatGloballyUsedVariables.swift; sourceTree = "<group>"; };
		40FFDC772B63FA2E004DA7A2 /* 06-view-model.swift */ = {isa = PBXFileReference; lastKnownFileType = sourcecode.swift; path = "06-view-model.swift"; sourceTree = "<group>"; };
		40FFDC792B63FA96004DA7A2 /* 02-replacing-call-controls.swift */ = {isa = PBXFileReference; lastKnownFileType = sourcecode.swift; path = "02-replacing-call-controls.swift"; sourceTree = "<group>"; };
		40FFDC7B2B63FB76004DA7A2 /* 03-custom-label.swift */ = {isa = PBXFileReference; lastKnownFileType = sourcecode.swift; path = "03-custom-label.swift"; sourceTree = "<group>"; };
		40FFDC7D2B63FC10004DA7A2 /* 04-video-layout.swift */ = {isa = PBXFileReference; lastKnownFileType = sourcecode.swift; path = "04-video-layout.swift"; sourceTree = "<group>"; };
		40FFDC7F2B63FD7A004DA7A2 /* stream-video-swift */ = {isa = PBXFileReference; lastKnownFileType = wrapper; name = "stream-video-swift"; path = ../..; sourceTree = "<group>"; };
		40FFDC862B63FEAE004DA7A2 /* 05-incoming-call.swift */ = {isa = PBXFileReference; lastKnownFileType = sourcecode.swift; path = "05-incoming-call.swift"; sourceTree = "<group>"; };
		40FFDC912B63FF70004DA7A2 /* 06-lobby-preview.swift */ = {isa = PBXFileReference; lastKnownFileType = sourcecode.swift; path = "06-lobby-preview.swift"; sourceTree = "<group>"; };
		40FFDC932B6401CC004DA7A2 /* 07-video-fallback.swift */ = {isa = PBXFileReference; lastKnownFileType = sourcecode.swift; path = "07-video-fallback.swift"; sourceTree = "<group>"; };
		40FFDC952B64023A004DA7A2 /* 08-permission-requests.swift */ = {isa = PBXFileReference; lastKnownFileType = sourcecode.swift; path = "08-permission-requests.swift"; sourceTree = "<group>"; };
		40FFDC972B640566004DA7A2 /* 09-audio-volume-indicator.swift */ = {isa = PBXFileReference; lastKnownFileType = sourcecode.swift; path = "09-audio-volume-indicator.swift"; sourceTree = "<group>"; };
		40FFDC992B6405C7004DA7A2 /* 10-network-quality-indicator.swift */ = {isa = PBXFileReference; lastKnownFileType = sourcecode.swift; path = "10-network-quality-indicator.swift"; sourceTree = "<group>"; };
		40FFDC9B2B6405EA004DA7A2 /* 11-speaking-while-muted.swift */ = {isa = PBXFileReference; lastKnownFileType = sourcecode.swift; path = "11-speaking-while-muted.swift"; sourceTree = "<group>"; };
		40FFDC9D2B64063D004DA7A2 /* 12-connection-unstable.swift */ = {isa = PBXFileReference; lastKnownFileType = sourcecode.swift; path = "12-connection-unstable.swift"; sourceTree = "<group>"; };
		40FFDC9F2B640676004DA7A2 /* 13-pinning-users.swift */ = {isa = PBXFileReference; lastKnownFileType = sourcecode.swift; path = "13-pinning-users.swift"; sourceTree = "<group>"; };
		40FFDCA12B640741004DA7A2 /* 14-livestream-player.swift */ = {isa = PBXFileReference; lastKnownFileType = sourcecode.swift; path = "14-livestream-player.swift"; sourceTree = "<group>"; };
		40FFDCA32B640772004DA7A2 /* 15-long-press-to-focus.swift */ = {isa = PBXFileReference; lastKnownFileType = sourcecode.swift; path = "15-long-press-to-focus.swift"; sourceTree = "<group>"; };
		40FFDCA52B6408DE004DA7A2 /* 00-ringing.swift */ = {isa = PBXFileReference; lastKnownFileType = sourcecode.swift; path = "00-ringing.swift"; sourceTree = "<group>"; };
		845494D62DB9038900211413 /* 13-livestreaming.swift */ = {isa = PBXFileReference; lastKnownFileType = sourcecode.swift; path = "13-livestreaming.swift"; sourceTree = "<group>"; };
		84BA15AD2CA2EF420018DC51 /* 07-querying-call-members.swift */ = {isa = PBXFileReference; lastKnownFileType = sourcecode.swift; path = "07-querying-call-members.swift"; sourceTree = "<group>"; };
		84BA15AF2CA2F04F0018DC51 /* 10-custom-events.swift */ = {isa = PBXFileReference; lastKnownFileType = sourcecode.swift; path = "10-custom-events.swift"; sourceTree = "<group>"; };
/* End PBXFileReference section */

/* Begin PBXFrameworksBuildPhase section */
		400D91AF2B63D88100EBA47D /* Frameworks */ = {
			isa = PBXFrameworksBuildPhase;
			buildActionMask = 2147483647;
			files = (
				40FFDC832B63FD92004DA7A2 /* StreamVideoSwiftUI in Frameworks */,
				40FFDC852B63FD92004DA7A2 /* StreamVideoUIKit in Frameworks */,
				40FFDC812B63FD92004DA7A2 /* StreamVideo in Frameworks */,
				40FFDC742B63F767004DA7A2 /* StreamChatSwiftUI in Frameworks */,
				409F10EA2BE11698000A984B /* StreamVideoNoiseCancellation in Frameworks */,
			);
			runOnlyForDeploymentPostprocessing = 0;
		};
/* End PBXFrameworksBuildPhase section */

/* Begin PBXGroup section */
		400D91A82B63D88100EBA47D = {
			isa = PBXGroup;
			children = (
				40FFDC7F2B63FD7A004DA7A2 /* stream-video-swift */,
				400D91B42B63D88100EBA47D /* DocumentationTests */,
				400D91B32B63D88100EBA47D /* Products */,
				40FFDC402B63E8A9004DA7A2 /* Frameworks */,
			);
			sourceTree = "<group>";
		};
		400D91B32B63D88100EBA47D /* Products */ = {
			isa = PBXGroup;
			children = (
				400D91B22B63D88100EBA47D /* DocumentationTests.framework */,
			);
			name = Products;
			sourceTree = "<group>";
		};
		400D91B42B63D88100EBA47D /* DocumentationTests */ = {
			isa = PBXGroup;
			children = (
				400D91BC2B63D8D000EBA47D /* 01-basics */,
				400D91BD2B63D8DF00EBA47D /* 03-guides */,
				400D91BE2B63D8EB00EBA47D /* 04-ui-components */,
				400D91BF2B63D8F200EBA47D /* 05-ui-cookbook */,
				400D91C02B63D8FB00EBA47D /* 06-advanced */,
				400D91B52B63D88100EBA47D /* DocumentationTests.h */,
				400D91CA2B63DB5F00EBA47D /* GloballyUsedVariables.swift */,
				40FFDC752B63F7D6004DA7A2 /* ChatGloballyUsedVariables.swift */,
			);
			path = DocumentationTests;
			sourceTree = "<group>";
		};
		400D91BC2B63D8D000EBA47D /* 01-basics */ = {
			isa = PBXGroup;
			children = (
				400D91C62B63D96800EBA47D /* 03-quickstart.swift */,
			);
			path = "01-basics";
			sourceTree = "<group>";
		};
		400D91BD2B63D8DF00EBA47D /* 03-guides */ = {
			isa = PBXGroup;
			children = (
				400D91C82B63DB3700EBA47D /* 01-client-auth.swift */,
				400D91CC2B63DC2600EBA47D /* 02-joining-creating-calls.swift */,
				400D91CE2B63DE0100EBA47D /* 03-call-and-participant-state.swift */,
				400D91D02B63DEA200EBA47D /* 04-camera-and-microphone.swift */,
				400D91D22B63DFA500EBA47D /* 06-querying-calls.swift */,
				400D91D42B63E27300EBA47D /* 07-dependency-injection.swift */,
				84BA15AD2CA2EF420018DC51 /* 07-querying-call-members.swift */,
				40FFDC362B63E400004DA7A2 /* 08-permissions-and-moderation.swift */,
				40FFDC382B63E459004DA7A2 /* 09-reactions.swift */,
				40FFDC3A2B63E493004DA7A2 /* 10-view-slots.swift */,
				84BA15AF2CA2F04F0018DC51 /* 10-custom-events.swift */,
				40FFDC3C2B63E6EC004DA7A2 /* 11-call-lifecycle.swift */,
				40FFDC3E2B63E734004DA7A2 /* 12-call-state.swift */,
				845494D62DB9038900211413 /* 13-livestreaming.swift */,
				40FFDC432B63E95D004DA7A2 /* 14-swiftui-vs-uikit.swift */,
				40FFDC452B63EA54004DA7A2 /* 15-migration-from-dolby.swift */,
				40F290AA2BDFB37000DCF136 /* 16-noise-cancellation.swift */,
			);
			path = "03-guides";
			sourceTree = "<group>";
		};
		400D91BE2B63D8EB00EBA47D /* 04-ui-components */ = {
			isa = PBXGroup;
			children = (
				40FFDC612B63F363004DA7A2 /* 09-utility */,
				40FFDC582B63F085004DA7A2 /* 08-participants */,
				40FFDC472B63EB89004DA7A2 /* 07-call */,
				40FFDC6A2B63F4AB004DA7A2 /* 02-video-renderer.swift */,
				40FFDC6C2B63F556004DA7A2 /* 03-video-theme.swift */,
				40FFDC6E2B63F58B004DA7A2 /* 04-customizing-views.swift */,
				40FFDC702B63F5C1004DA7A2 /* 05-uikit-customizations.swift */,
				40FFDC772B63FA2E004DA7A2 /* 06-view-model.swift */,
			);
			path = "04-ui-components";
			sourceTree = "<group>";
		};
		400D91BF2B63D8F200EBA47D /* 05-ui-cookbook */ = {
			isa = PBXGroup;
			children = (
				40FFDC792B63FA96004DA7A2 /* 02-replacing-call-controls.swift */,
				40FFDC7B2B63FB76004DA7A2 /* 03-custom-label.swift */,
				40FFDC7D2B63FC10004DA7A2 /* 04-video-layout.swift */,
				40FFDC862B63FEAE004DA7A2 /* 05-incoming-call.swift */,
				40FFDC912B63FF70004DA7A2 /* 06-lobby-preview.swift */,
				40FFDC932B6401CC004DA7A2 /* 07-video-fallback.swift */,
				40FFDC952B64023A004DA7A2 /* 08-permission-requests.swift */,
				40FFDC972B640566004DA7A2 /* 09-audio-volume-indicator.swift */,
				40FFDC992B6405C7004DA7A2 /* 10-network-quality-indicator.swift */,
				40FFDC9B2B6405EA004DA7A2 /* 11-speaking-while-muted.swift */,
				40FFDC9D2B64063D004DA7A2 /* 12-connection-unstable.swift */,
				40FFDC9F2B640676004DA7A2 /* 13-pinning-users.swift */,
				40FFDCA12B640741004DA7A2 /* 14-livestream-player.swift */,
				40FFDCA32B640772004DA7A2 /* 15-long-press-to-focus.swift */,
				40AB356A2B73965D00E465CC /* 16-snapshot.swift */,
				40CB9FA82B7FC7DB006BED93 /* 17-camera-zoom.swift */,
				408CE0F42BD91B490052EC3A /* 19-transcriptions.swift */,
				40F18B8F2BEBC97F00ADF76E /* 18-call-quality-rating.swift */,
				40F290AC2BDFB3CA00DCF136 /* 20-noise-cancellation.swift */,
				4029E95D2CB94EA700E1D571 /* 22-manual-quality-selection.swift */,
				409774AF2CC19F4900E0D3EE /* 23-network-disruption.swift */,
				401C1EF32D494CED00304609 /* 24-closed-captions.swift */,
				40895E612E264BB000D3049D /* 25-incoming-video-state.swift */,
				4050725C2E5F416A003D2109 /* 26-permissions-prompt-customization.swift */,
				400062A32EDF390D0086E14B /* 27-moderation.swift */,
			);
			path = "05-ui-cookbook";
			sourceTree = "<group>";
		};
		400D91C02B63D8FB00EBA47D /* 06-advanced */ = {
			isa = PBXGroup;
			children = (
				40FFDCA52B6408DE004DA7A2 /* 00-ringing.swift */,
				40B468972B67B6DF009B5B3E /* 01-deeplinking.swift */,
				40E23B9A2B67BA4100D11FC1 /* 02-push-notifications.swift */,
				4068C1242B67C056006B0BEE /* 03-callkit-integration.swift */,
				409C39682B67CC5C0090044C /* 04-screensharing.swift */,
				409C396A2B67CD0B0090044C /* 05-picture-in-picture.swift */,
				404CAED72B8E3874007087BC /* 06-apply-video-filters.swift */,
				40AD64BA2DC2671B0077AE15 /* 05-proximity-policies.swift */,
				409C396C2B67CD780090044C /* 08-recording.swift */,
				409C396E2B67CDF30090044C /* 09-broadcasting.swift */,
			);
			path = "06-advanced";
			sourceTree = "<group>";
		};
		40FFDC402B63E8A9004DA7A2 /* Frameworks */ = {
			isa = PBXGroup;
			children = (
			);
			name = Frameworks;
			sourceTree = "<group>";
		};
		40FFDC472B63EB89004DA7A2 /* 07-call */ = {
			isa = PBXGroup;
			children = (
				40FFDC482B63EB92004DA7A2 /* 01-call-container.swift */,
				40FFDC4A2B63EC3D004DA7A2 /* 02-outgoing-call.swift */,
				40FFDC4C2B63ED16004DA7A2 /* 03-incoming-call.swift */,
				40FFDC4E2B63EE50004DA7A2 /* 04-active-call.swift */,
				40FFDC502B63EF58004DA7A2 /* 05-call-controls.swift */,
				40FFDC522B63EFA2004DA7A2 /* 06-call-app-bar.swift */,
				40FFDC542B63EFD3004DA7A2 /* 07-screen-share-content.swift */,
			);
			path = "07-call";
			sourceTree = "<group>";
		};
		40FFDC582B63F085004DA7A2 /* 08-participants */ = {
			isa = PBXGroup;
			children = (
				40FFDC592B63F08D004DA7A2 /* 01-call-participant.swift */,
				40FFDC5B2B63F137004DA7A2 /* 02-call-participants.swift */,
				40FFDC5D2B63F236004DA7A2 /* 03-call-participants-info-menu.swift */,
				40FFDC5F2B63F2EC004DA7A2 /* 04-local-video.swift */,
			);
			path = "08-participants";
			sourceTree = "<group>";
		};
		40FFDC612B63F363004DA7A2 /* 09-utility */ = {
			isa = PBXGroup;
			children = (
				40FFDC622B63F370004DA7A2 /* 02-sound-indicator.swift */,
				40FFDC642B63F395004DA7A2 /* 03-avatars.swift */,
				40FFDC662B63F430004DA7A2 /* 04-connection-quality-indicator.swift */,
				40FFDC682B63F474004DA7A2 /* 05-call-background.swift */,
			);
			path = "09-utility";
			sourceTree = "<group>";
		};
/* End PBXGroup section */

/* Begin PBXHeadersBuildPhase section */
		400D91AD2B63D88100EBA47D /* Headers */ = {
			isa = PBXHeadersBuildPhase;
			buildActionMask = 2147483647;
			files = (
				400D91B62B63D88100EBA47D /* DocumentationTests.h in Headers */,
			);
			runOnlyForDeploymentPostprocessing = 0;
		};
/* End PBXHeadersBuildPhase section */

/* Begin PBXNativeTarget section */
		400D91B12B63D88100EBA47D /* DocumentationTests */ = {
			isa = PBXNativeTarget;
			buildConfigurationList = 400D91B92B63D88100EBA47D /* Build configuration list for PBXNativeTarget "DocumentationTests" */;
			buildPhases = (
				400D91AD2B63D88100EBA47D /* Headers */,
				400D91AE2B63D88100EBA47D /* Sources */,
				400D91AF2B63D88100EBA47D /* Frameworks */,
				400D91B02B63D88100EBA47D /* Resources */,
			);
			buildRules = (
			);
			dependencies = (
			);
			name = DocumentationTests;
			packageProductDependencies = (
				40FFDC732B63F767004DA7A2 /* StreamChatSwiftUI */,
				40FFDC802B63FD92004DA7A2 /* StreamVideo */,
				40FFDC822B63FD92004DA7A2 /* StreamVideoSwiftUI */,
				40FFDC842B63FD92004DA7A2 /* StreamVideoUIKit */,
				409F10E92BE11698000A984B /* StreamVideoNoiseCancellation */,
			);
			productName = DocumentationTests;
			productReference = 400D91B22B63D88100EBA47D /* DocumentationTests.framework */;
			productType = "com.apple.product-type.framework";
		};
/* End PBXNativeTarget section */

/* Begin PBXProject section */
		400D91A92B63D88100EBA47D /* Project object */ = {
			isa = PBXProject;
			attributes = {
				BuildIndependentTargetsInParallel = 1;
				LastUpgradeCheck = 1520;
				TargetAttributes = {
					400D91B12B63D88100EBA47D = {
						CreatedOnToolsVersion = 15.2;
						LastSwiftMigration = 1520;
					};
				};
			};
			buildConfigurationList = 400D91AC2B63D88100EBA47D /* Build configuration list for PBXProject "DocumentationTests" */;
			compatibilityVersion = "Xcode 14.0";
			developmentRegion = en;
			hasScannedForEncodings = 0;
			knownRegions = (
				en,
				Base,
			);
			mainGroup = 400D91A82B63D88100EBA47D;
			packageReferences = (
				40FFDC722B63F767004DA7A2 /* XCRemoteSwiftPackageReference "stream-chat-swiftui" */,
				409F10E82BE11698000A984B /* XCRemoteSwiftPackageReference "stream-video-noise-cancellation-swift" */,
			);
			productRefGroup = 400D91B32B63D88100EBA47D /* Products */;
			projectDirPath = "";
			projectRoot = "";
			targets = (
				400D91B12B63D88100EBA47D /* DocumentationTests */,
			);
		};
/* End PBXProject section */

/* Begin PBXResourcesBuildPhase section */
		400D91B02B63D88100EBA47D /* Resources */ = {
			isa = PBXResourcesBuildPhase;
			buildActionMask = 2147483647;
			files = (
			);
			runOnlyForDeploymentPostprocessing = 0;
		};
/* End PBXResourcesBuildPhase section */

/* Begin PBXSourcesBuildPhase section */
		400D91AE2B63D88100EBA47D /* Sources */ = {
			isa = PBXSourcesBuildPhase;
			buildActionMask = 2147483647;
			files = (
				40FFDC5A2B63F08D004DA7A2 /* 01-call-participant.swift in Sources */,
				40FFDC9A2B6405C7004DA7A2 /* 10-network-quality-indicator.swift in Sources */,
				40AD64BB2DC2671E0077AE15 /* 05-proximity-policies.swift in Sources */,
				400D91D12B63DEA200EBA47D /* 04-camera-and-microphone.swift in Sources */,
				40FFDC4F2B63EE50004DA7A2 /* 04-active-call.swift in Sources */,
				40FFDCA02B640676004DA7A2 /* 13-pinning-users.swift in Sources */,
				40F290AD2BDFB3CA00DCF136 /* 20-noise-cancellation.swift in Sources */,
				408CE0F52BD91B490052EC3A /* 19-transcriptions.swift in Sources */,
				409C396D2B67CD780090044C /* 08-recording.swift in Sources */,
				40FFDC602B63F2EC004DA7A2 /* 04-local-video.swift in Sources */,
				40FFDC632B63F370004DA7A2 /* 02-sound-indicator.swift in Sources */,
				40FFDC5E2B63F236004DA7A2 /* 03-call-participants-info-menu.swift in Sources */,
				4050725D2E5F416A003D2109 /* 26-permissions-prompt-customization.swift in Sources */,
				40FFDC3F2B63E734004DA7A2 /* 12-call-state.swift in Sources */,
				40F290AB2BDFB37000DCF136 /* 16-noise-cancellation.swift in Sources */,
				40F18B902BEBC97F00ADF76E /* 18-call-quality-rating.swift in Sources */,
				40FFDC712B63F5C1004DA7A2 /* 05-uikit-customizations.swift in Sources */,
				40FFDC462B63EA54004DA7A2 /* 15-migration-from-dolby.swift in Sources */,
				40FFDC532B63EFA2004DA7A2 /* 06-call-app-bar.swift in Sources */,
				40FFDC782B63FA2E004DA7A2 /* 06-view-model.swift in Sources */,
				40FFDC6F2B63F58B004DA7A2 /* 04-customizing-views.swift in Sources */,
				400D91CB2B63DB5F00EBA47D /* GloballyUsedVariables.swift in Sources */,
				40FFDC982B640566004DA7A2 /* 09-audio-volume-indicator.swift in Sources */,
				40FFDC7E2B63FC10004DA7A2 /* 04-video-layout.swift in Sources */,
				404CAED82B8E3874007087BC /* 06-apply-video-filters.swift in Sources */,
				409C396B2B67CD0B0090044C /* 05-picture-in-picture.swift in Sources */,
				40FFDC552B63EFD3004DA7A2 /* 07-screen-share-content.swift in Sources */,
				40FFDC9C2B6405EA004DA7A2 /* 11-speaking-while-muted.swift in Sources */,
				40FFDC3D2B63E6EC004DA7A2 /* 11-call-lifecycle.swift in Sources */,
				400D91CD2B63DC2600EBA47D /* 02-joining-creating-calls.swift in Sources */,
				40E23B9B2B67BA4100D11FC1 /* 02-push-notifications.swift in Sources */,
				400D91D52B63E27300EBA47D /* 07-dependency-injection.swift in Sources */,
				40FFDC512B63EF58004DA7A2 /* 05-call-controls.swift in Sources */,
				400D91D32B63DFA500EBA47D /* 06-querying-calls.swift in Sources */,
				400062A42EDF390D0086E14B /* 27-moderation.swift in Sources */,
				401C1EF42D494CED00304609 /* 24-closed-captions.swift in Sources */,
				845494D72DB9039000211413 /* 13-livestreaming.swift in Sources */,
				40FFDC922B63FF70004DA7A2 /* 06-lobby-preview.swift in Sources */,
				4068C1252B67C056006B0BEE /* 03-callkit-integration.swift in Sources */,
				40FFDC762B63F7D6004DA7A2 /* ChatGloballyUsedVariables.swift in Sources */,
				84BA15AE2CA2EF420018DC51 /* 07-querying-call-members.swift in Sources */,
				409774B02CC19F5500E0D3EE /* 23-network-disruption.swift in Sources */,
				40FFDC672B63F430004DA7A2 /* 04-connection-quality-indicator.swift in Sources */,
				40B468982B67B6DF009B5B3E /* 01-deeplinking.swift in Sources */,
				40FFDC3B2B63E493004DA7A2 /* 10-view-slots.swift in Sources */,
				40FFDC442B63E95D004DA7A2 /* 14-swiftui-vs-uikit.swift in Sources */,
				40FFDC872B63FEAE004DA7A2 /* 05-incoming-call.swift in Sources */,
				4029E95E2CB94EAE00E1D571 /* 22-manual-quality-selection.swift in Sources */,
				40895E622E264BB000D3049D /* 25-incoming-video-state.swift in Sources */,
				40FFDC942B6401CC004DA7A2 /* 07-video-fallback.swift in Sources */,
				400D91C72B63D96800EBA47D /* 03-quickstart.swift in Sources */,
				40FFDC9E2B64063D004DA7A2 /* 12-connection-unstable.swift in Sources */,
				40FFDC372B63E400004DA7A2 /* 08-permissions-and-moderation.swift in Sources */,
				40FFDC4B2B63EC3D004DA7A2 /* 02-outgoing-call.swift in Sources */,
				40FFDC6D2B63F556004DA7A2 /* 03-video-theme.swift in Sources */,
				40FFDC492B63EB92004DA7A2 /* 01-call-container.swift in Sources */,
				84BA15B02CA2F04F0018DC51 /* 10-custom-events.swift in Sources */,
				40FFDC4D2B63ED16004DA7A2 /* 03-incoming-call.swift in Sources */,
				409C396F2B67CDF30090044C /* 09-broadcasting.swift in Sources */,
				40FFDC692B63F474004DA7A2 /* 05-call-background.swift in Sources */,
				40FFDCA62B6408DE004DA7A2 /* 00-ringing.swift in Sources */,
				400D91C92B63DB3700EBA47D /* 01-client-auth.swift in Sources */,
				40CB9FA92B7FC7DB006BED93 /* 17-camera-zoom.swift in Sources */,
				40FFDC962B64023A004DA7A2 /* 08-permission-requests.swift in Sources */,
				400D91CF2B63DE0100EBA47D /* 03-call-and-participant-state.swift in Sources */,
				40FFDC652B63F395004DA7A2 /* 03-avatars.swift in Sources */,
				40FFDC392B63E459004DA7A2 /* 09-reactions.swift in Sources */,
				40FFDC7C2B63FB76004DA7A2 /* 03-custom-label.swift in Sources */,
				40FFDC5C2B63F137004DA7A2 /* 02-call-participants.swift in Sources */,
				40FFDC7A2B63FA96004DA7A2 /* 02-replacing-call-controls.swift in Sources */,
				40FFDC6B2B63F4AB004DA7A2 /* 02-video-renderer.swift in Sources */,
				409C39692B67CC5C0090044C /* 04-screensharing.swift in Sources */,
				40AB356B2B73965D00E465CC /* 16-snapshot.swift in Sources */,
				40FFDCA22B640741004DA7A2 /* 14-livestream-player.swift in Sources */,
				40FFDCA42B640772004DA7A2 /* 15-long-press-to-focus.swift in Sources */,
			);
			runOnlyForDeploymentPostprocessing = 0;
		};
/* End PBXSourcesBuildPhase section */

/* Begin XCBuildConfiguration section */
		400D91B72B63D88100EBA47D /* Debug */ = {
			isa = XCBuildConfiguration;
			buildSettings = {
				ALWAYS_SEARCH_USER_PATHS = NO;
				ASSETCATALOG_COMPILER_GENERATE_SWIFT_ASSET_SYMBOL_EXTENSIONS = YES;
				CLANG_ANALYZER_NONNULL = YES;
				CLANG_ANALYZER_NUMBER_OBJECT_CONVERSION = YES_AGGRESSIVE;
				CLANG_CXX_LANGUAGE_STANDARD = "gnu++20";
				CLANG_ENABLE_MODULES = YES;
				CLANG_ENABLE_OBJC_ARC = YES;
				CLANG_ENABLE_OBJC_WEAK = YES;
				CLANG_WARN_BLOCK_CAPTURE_AUTORELEASING = YES;
				CLANG_WARN_BOOL_CONVERSION = YES;
				CLANG_WARN_COMMA = YES;
				CLANG_WARN_CONSTANT_CONVERSION = YES;
				CLANG_WARN_DEPRECATED_OBJC_IMPLEMENTATIONS = YES;
				CLANG_WARN_DIRECT_OBJC_ISA_USAGE = YES_ERROR;
				CLANG_WARN_DOCUMENTATION_COMMENTS = YES;
				CLANG_WARN_EMPTY_BODY = YES;
				CLANG_WARN_ENUM_CONVERSION = YES;
				CLANG_WARN_INFINITE_RECURSION = YES;
				CLANG_WARN_INT_CONVERSION = YES;
				CLANG_WARN_NON_LITERAL_NULL_CONVERSION = YES;
				CLANG_WARN_OBJC_IMPLICIT_RETAIN_SELF = YES;
				CLANG_WARN_OBJC_LITERAL_CONVERSION = YES;
				CLANG_WARN_OBJC_ROOT_CLASS = YES_ERROR;
				CLANG_WARN_QUOTED_INCLUDE_IN_FRAMEWORK_HEADER = YES;
				CLANG_WARN_RANGE_LOOP_ANALYSIS = YES;
				CLANG_WARN_STRICT_PROTOTYPES = YES;
				CLANG_WARN_SUSPICIOUS_MOVE = YES;
				CLANG_WARN_UNGUARDED_AVAILABILITY = YES_AGGRESSIVE;
				CLANG_WARN_UNREACHABLE_CODE = YES;
				CLANG_WARN__DUPLICATE_METHOD_MATCH = YES;
				COPY_PHASE_STRIP = NO;
				CURRENT_PROJECT_VERSION = 1;
				DEBUG_INFORMATION_FORMAT = dwarf;
				ENABLE_STRICT_OBJC_MSGSEND = YES;
				ENABLE_TESTABILITY = YES;
				ENABLE_USER_SCRIPT_SANDBOXING = YES;
				GCC_C_LANGUAGE_STANDARD = gnu17;
				GCC_DYNAMIC_NO_PIC = NO;
				GCC_NO_COMMON_BLOCKS = YES;
				GCC_OPTIMIZATION_LEVEL = 0;
				GCC_PREPROCESSOR_DEFINITIONS = (
					"DEBUG=1",
					"$(inherited)",
				);
				GCC_WARN_64_TO_32_BIT_CONVERSION = YES;
				GCC_WARN_ABOUT_RETURN_TYPE = YES_ERROR;
				GCC_WARN_UNDECLARED_SELECTOR = YES;
				GCC_WARN_UNINITIALIZED_AUTOS = YES_AGGRESSIVE;
				GCC_WARN_UNUSED_FUNCTION = YES;
				GCC_WARN_UNUSED_VARIABLE = YES;
				IPHONEOS_DEPLOYMENT_TARGET = 16.4;
				LOCALIZATION_PREFERS_STRING_CATALOGS = YES;
				MTL_ENABLE_DEBUG_INFO = INCLUDE_SOURCE;
				MTL_FAST_MATH = YES;
				ONLY_ACTIVE_ARCH = YES;
				SDKROOT = iphoneos;
				SWIFT_ACTIVE_COMPILATION_CONDITIONS = "DEBUG $(inherited)";
				SWIFT_OPTIMIZATION_LEVEL = "-Onone";
				VERSIONING_SYSTEM = "apple-generic";
				VERSION_INFO_PREFIX = "";
			};
			name = Debug;
		};
		400D91B82B63D88100EBA47D /* Release */ = {
			isa = XCBuildConfiguration;
			buildSettings = {
				ALWAYS_SEARCH_USER_PATHS = NO;
				ASSETCATALOG_COMPILER_GENERATE_SWIFT_ASSET_SYMBOL_EXTENSIONS = YES;
				CLANG_ANALYZER_NONNULL = YES;
				CLANG_ANALYZER_NUMBER_OBJECT_CONVERSION = YES_AGGRESSIVE;
				CLANG_CXX_LANGUAGE_STANDARD = "gnu++20";
				CLANG_ENABLE_MODULES = YES;
				CLANG_ENABLE_OBJC_ARC = YES;
				CLANG_ENABLE_OBJC_WEAK = YES;
				CLANG_WARN_BLOCK_CAPTURE_AUTORELEASING = YES;
				CLANG_WARN_BOOL_CONVERSION = YES;
				CLANG_WARN_COMMA = YES;
				CLANG_WARN_CONSTANT_CONVERSION = YES;
				CLANG_WARN_DEPRECATED_OBJC_IMPLEMENTATIONS = YES;
				CLANG_WARN_DIRECT_OBJC_ISA_USAGE = YES_ERROR;
				CLANG_WARN_DOCUMENTATION_COMMENTS = YES;
				CLANG_WARN_EMPTY_BODY = YES;
				CLANG_WARN_ENUM_CONVERSION = YES;
				CLANG_WARN_INFINITE_RECURSION = YES;
				CLANG_WARN_INT_CONVERSION = YES;
				CLANG_WARN_NON_LITERAL_NULL_CONVERSION = YES;
				CLANG_WARN_OBJC_IMPLICIT_RETAIN_SELF = YES;
				CLANG_WARN_OBJC_LITERAL_CONVERSION = YES;
				CLANG_WARN_OBJC_ROOT_CLASS = YES_ERROR;
				CLANG_WARN_QUOTED_INCLUDE_IN_FRAMEWORK_HEADER = YES;
				CLANG_WARN_RANGE_LOOP_ANALYSIS = YES;
				CLANG_WARN_STRICT_PROTOTYPES = YES;
				CLANG_WARN_SUSPICIOUS_MOVE = YES;
				CLANG_WARN_UNGUARDED_AVAILABILITY = YES_AGGRESSIVE;
				CLANG_WARN_UNREACHABLE_CODE = YES;
				CLANG_WARN__DUPLICATE_METHOD_MATCH = YES;
				COPY_PHASE_STRIP = NO;
				CURRENT_PROJECT_VERSION = 1;
				DEBUG_INFORMATION_FORMAT = "dwarf-with-dsym";
				ENABLE_NS_ASSERTIONS = NO;
				ENABLE_STRICT_OBJC_MSGSEND = YES;
				ENABLE_USER_SCRIPT_SANDBOXING = YES;
				GCC_C_LANGUAGE_STANDARD = gnu17;
				GCC_NO_COMMON_BLOCKS = YES;
				GCC_WARN_64_TO_32_BIT_CONVERSION = YES;
				GCC_WARN_ABOUT_RETURN_TYPE = YES_ERROR;
				GCC_WARN_UNDECLARED_SELECTOR = YES;
				GCC_WARN_UNINITIALIZED_AUTOS = YES_AGGRESSIVE;
				GCC_WARN_UNUSED_FUNCTION = YES;
				GCC_WARN_UNUSED_VARIABLE = YES;
				IPHONEOS_DEPLOYMENT_TARGET = 16.4;
				LOCALIZATION_PREFERS_STRING_CATALOGS = YES;
				MTL_ENABLE_DEBUG_INFO = NO;
				MTL_FAST_MATH = YES;
				SDKROOT = iphoneos;
				SWIFT_COMPILATION_MODE = wholemodule;
				VALIDATE_PRODUCT = YES;
				VERSIONING_SYSTEM = "apple-generic";
				VERSION_INFO_PREFIX = "";
			};
			name = Release;
		};
		400D91BA2B63D88100EBA47D /* Debug */ = {
			isa = XCBuildConfiguration;
			buildSettings = {
				CLANG_ANALYZER_DEADCODE_DEADSTORES = NO;
				CLANG_ENABLE_MODULES = YES;
				CODE_SIGN_STYLE = Automatic;
				CURRENT_PROJECT_VERSION = 1;
				DEFINES_MODULE = YES;
				DEVELOPMENT_TEAM = EHV7XZLAHA;
				DYLIB_COMPATIBILITY_VERSION = 1;
				DYLIB_CURRENT_VERSION = 1;
				DYLIB_INSTALL_NAME_BASE = "@rpath";
				ENABLE_MODULE_VERIFIER = YES;
				GCC_WARN_MISSING_PARENTHESES = YES;
				GCC_WARN_TYPECHECK_CALLS_TO_PRINTF = NO;
				GCC_WARN_UNINITIALIZED_AUTOS = NO;
				GCC_WARN_UNUSED_FUNCTION = NO;
				GCC_WARN_UNUSED_VALUE = NO;
				GCC_WARN_UNUSED_VARIABLE = NO;
				GENERATE_INFOPLIST_FILE = YES;
				INFOPLIST_KEY_NSHumanReadableCopyright = "";
				INSTALL_PATH = "$(LOCAL_LIBRARY_DIR)/Frameworks";
				IPHONEOS_DEPLOYMENT_TARGET = 16.4;
				LD_RUNPATH_SEARCH_PATHS = (
					"$(inherited)",
					"@executable_path/Frameworks",
					"@loader_path/Frameworks",
				);
				MARKETING_VERSION = 1.0;
				MODULE_VERIFIER_SUPPORTED_LANGUAGES = "objective-c objective-c++";
				MODULE_VERIFIER_SUPPORTED_LANGUAGE_STANDARDS = "gnu17 gnu++20";
				PRODUCT_BUNDLE_IDENTIFIER = io.getstream.tests.documentation.DocumentationTests;
				PRODUCT_NAME = "$(TARGET_NAME:c99extidentifier)";
				SKIP_INSTALL = YES;
				SUPPORTED_PLATFORMS = "iphoneos iphonesimulator";
				SUPPORTS_MACCATALYST = NO;
				SUPPORTS_MAC_DESIGNED_FOR_IPHONE_IPAD = NO;
				SUPPORTS_XR_DESIGNED_FOR_IPHONE_IPAD = NO;
				SWIFT_EMIT_LOC_STRINGS = YES;
				SWIFT_OPTIMIZATION_LEVEL = "-Onone";
				SWIFT_VERSION = 6.0;
				TARGETED_DEVICE_FAMILY = 1;
			};
			name = Debug;
		};
		400D91BB2B63D88100EBA47D /* Release */ = {
			isa = XCBuildConfiguration;
			buildSettings = {
				CLANG_ANALYZER_DEADCODE_DEADSTORES = NO;
				CLANG_ENABLE_MODULES = YES;
				CODE_SIGN_STYLE = Automatic;
				CURRENT_PROJECT_VERSION = 1;
				DEFINES_MODULE = YES;
				DEVELOPMENT_TEAM = EHV7XZLAHA;
				DYLIB_COMPATIBILITY_VERSION = 1;
				DYLIB_CURRENT_VERSION = 1;
				DYLIB_INSTALL_NAME_BASE = "@rpath";
				ENABLE_MODULE_VERIFIER = YES;
				GCC_WARN_MISSING_PARENTHESES = YES;
				GCC_WARN_TYPECHECK_CALLS_TO_PRINTF = NO;
				GCC_WARN_UNINITIALIZED_AUTOS = NO;
				GCC_WARN_UNUSED_FUNCTION = NO;
				GCC_WARN_UNUSED_VALUE = NO;
				GCC_WARN_UNUSED_VARIABLE = NO;
				GENERATE_INFOPLIST_FILE = YES;
				INFOPLIST_KEY_NSHumanReadableCopyright = "";
				INSTALL_PATH = "$(LOCAL_LIBRARY_DIR)/Frameworks";
				IPHONEOS_DEPLOYMENT_TARGET = 16.4;
				LD_RUNPATH_SEARCH_PATHS = (
					"$(inherited)",
					"@executable_path/Frameworks",
					"@loader_path/Frameworks",
				);
				MARKETING_VERSION = 1.0;
				MODULE_VERIFIER_SUPPORTED_LANGUAGES = "objective-c objective-c++";
				MODULE_VERIFIER_SUPPORTED_LANGUAGE_STANDARDS = "gnu17 gnu++20";
				PRODUCT_BUNDLE_IDENTIFIER = io.getstream.tests.documentation.DocumentationTests;
				PRODUCT_NAME = "$(TARGET_NAME:c99extidentifier)";
				SKIP_INSTALL = YES;
				SUPPORTED_PLATFORMS = "iphoneos iphonesimulator";
				SUPPORTS_MACCATALYST = NO;
				SUPPORTS_MAC_DESIGNED_FOR_IPHONE_IPAD = NO;
				SUPPORTS_XR_DESIGNED_FOR_IPHONE_IPAD = NO;
				SWIFT_EMIT_LOC_STRINGS = YES;
				SWIFT_VERSION = 6.0;
				TARGETED_DEVICE_FAMILY = 1;
			};
			name = Release;
		};
/* End XCBuildConfiguration section */

/* Begin XCConfigurationList section */
		400D91AC2B63D88100EBA47D /* Build configuration list for PBXProject "DocumentationTests" */ = {
			isa = XCConfigurationList;
			buildConfigurations = (
				400D91B72B63D88100EBA47D /* Debug */,
				400D91B82B63D88100EBA47D /* Release */,
			);
			defaultConfigurationIsVisible = 0;
			defaultConfigurationName = Release;
		};
		400D91B92B63D88100EBA47D /* Build configuration list for PBXNativeTarget "DocumentationTests" */ = {
			isa = XCConfigurationList;
			buildConfigurations = (
				400D91BA2B63D88100EBA47D /* Debug */,
				400D91BB2B63D88100EBA47D /* Release */,
			);
			defaultConfigurationIsVisible = 0;
			defaultConfigurationName = Release;
		};
/* End XCConfigurationList section */

/* Begin XCRemoteSwiftPackageReference section */
		409F10E82BE11698000A984B /* XCRemoteSwiftPackageReference "stream-video-noise-cancellation-swift" */ = {
			isa = XCRemoteSwiftPackageReference;
			repositoryURL = "https://github.com/GetStream/stream-video-noise-cancellation-swift";
			requirement = {
				kind = upToNextMinorVersion;
				minimumVersion = 1.0.3;
			};
		};
		40FFDC722B63F767004DA7A2 /* XCRemoteSwiftPackageReference "stream-chat-swiftui" */ = {
			isa = XCRemoteSwiftPackageReference;
			repositoryURL = "https://github.com/GetStream/stream-chat-swiftui";
			requirement = {
				kind = upToNextMinorVersion;
				minimumVersion = 4.47.0;
			};
		};
/* End XCRemoteSwiftPackageReference section */

/* Begin XCSwiftPackageProductDependency section */
		409F10E92BE11698000A984B /* StreamVideoNoiseCancellation */ = {
			isa = XCSwiftPackageProductDependency;
			package = 409F10E82BE11698000A984B /* XCRemoteSwiftPackageReference "stream-video-noise-cancellation-swift" */;
			productName = StreamVideoNoiseCancellation;
		};
		40FFDC732B63F767004DA7A2 /* StreamChatSwiftUI */ = {
			isa = XCSwiftPackageProductDependency;
			package = 40FFDC722B63F767004DA7A2 /* XCRemoteSwiftPackageReference "stream-chat-swiftui" */;
			productName = StreamChatSwiftUI;
		};
		40FFDC802B63FD92004DA7A2 /* StreamVideo */ = {
			isa = XCSwiftPackageProductDependency;
			productName = StreamVideo;
		};
		40FFDC822B63FD92004DA7A2 /* StreamVideoSwiftUI */ = {
			isa = XCSwiftPackageProductDependency;
			productName = StreamVideoSwiftUI;
		};
		40FFDC842B63FD92004DA7A2 /* StreamVideoUIKit */ = {
			isa = XCSwiftPackageProductDependency;
			productName = StreamVideoUIKit;
		};
/* End XCSwiftPackageProductDependency section */
	};
	rootObject = 400D91A92B63D88100EBA47D /* Project object */;
}
