// !$*UTF8*$!
{
	archiveVersion = 1;
	classes = {
	};
	objectVersion = 55;
	objects = {

/* Begin PBXBuildFile section */
		842D8BDA2865B37800801910 /* StreamVideoSwiftUIApp.swift in Sources */ = {isa = PBXBuildFile; fileRef = 842D8BD52865B37800801910 /* StreamVideoSwiftUIApp.swift */; };
		842D8BDB2865B37800801910 /* Assets.xcassets in Resources */ = {isa = PBXBuildFile; fileRef = 842D8BD62865B37800801910 /* Assets.xcassets */; };
		842D8BDC2865B37800801910 /* Preview Assets.xcassets in Resources */ = {isa = PBXBuildFile; fileRef = 842D8BD82865B37800801910 /* Preview Assets.xcassets */; };
		842D8BE02865B5CB00801910 /* WebSocketProvider.swift in Sources */ = {isa = PBXBuildFile; fileRef = 842D8BDF2865B5CB00801910 /* WebSocketProvider.swift */; };
		842D8BE22865B62A00801910 /* SignallingClient.swift in Sources */ = {isa = PBXBuildFile; fileRef = 842D8BE12865B62A00801910 /* SignallingClient.swift */; };
		842D8BE72865B70C00801910 /* Message.swift in Sources */ = {isa = PBXBuildFile; fileRef = 842D8BE62865B70C00801910 /* Message.swift */; };
		842D8BE92865B74E00801910 /* SessionDescription.swift in Sources */ = {isa = PBXBuildFile; fileRef = 842D8BE82865B74E00801910 /* SessionDescription.swift */; };
		842D8BEB2865B76A00801910 /* IceCandidate.swift in Sources */ = {isa = PBXBuildFile; fileRef = 842D8BEA2865B76A00801910 /* IceCandidate.swift */; };
		842D8BED2865B78A00801910 /* RTCStates.swift in Sources */ = {isa = PBXBuildFile; fileRef = 842D8BEC2865B78A00801910 /* RTCStates.swift */; };
		842D8BEF2865B7E100801910 /* Config.swift in Sources */ = {isa = PBXBuildFile; fileRef = 842D8BEE2865B7E100801910 /* Config.swift */; };
		842D8BF12865B81800801910 /* WebRTCClient.swift in Sources */ = {isa = PBXBuildFile; fileRef = 842D8BF02865B81800801910 /* WebRTCClient.swift */; };
		842D8BF32865B9FF00801910 /* HomeView.swift in Sources */ = {isa = PBXBuildFile; fileRef = 842D8BF22865B9FF00801910 /* HomeView.swift */; };
		842D8BF52865BA5B00801910 /* HomeViewModel.swift in Sources */ = {isa = PBXBuildFile; fileRef = 842D8BF42865BA5B00801910 /* HomeViewModel.swift */; };
		842D8BF72865BC8D00801910 /* VideoView.swift in Sources */ = {isa = PBXBuildFile; fileRef = 842D8BF62865BC8D00801910 /* VideoView.swift */; };
		842D8BF92865BC9900801910 /* VideoViewModel.swift in Sources */ = {isa = PBXBuildFile; fileRef = 842D8BF82865BC9900801910 /* VideoViewModel.swift */; };
		842D8BFB2865C23800801910 /* ViewModelFactory.swift in Sources */ = {isa = PBXBuildFile; fileRef = 842D8BFA2865C23800801910 /* ViewModelFactory.swift */; };
		842D8BFD2865CEA200801910 /* CameraView.swift in Sources */ = {isa = PBXBuildFile; fileRef = 842D8BFC2865CEA200801910 /* CameraView.swift */; };
		842D8BFF2865F26300801910 /* HelperViews.swift in Sources */ = {isa = PBXBuildFile; fileRef = 842D8BFE2865F26300801910 /* HelperViews.swift */; };
		84C2996C2876D93D0034B735 /* Room.swift in Sources */ = {isa = PBXBuildFile; fileRef = 84C2996B2876D93D0034B735 /* Room.swift */; };
		84C2996E2876E42E0034B735 /* StreamVideo.swift in Sources */ = {isa = PBXBuildFile; fileRef = 84C2996D2876E42D0034B735 /* StreamVideo.swift */; };
		84C299702876E5DC0034B735 /* VideoService.swift in Sources */ = {isa = PBXBuildFile; fileRef = 84C2996F2876E5DC0034B735 /* VideoService.swift */; };
		84C299732876E8C90034B735 /* InjectedValues.swift in Sources */ = {isa = PBXBuildFile; fileRef = 84C299722876E8C90034B735 /* InjectedValues.swift */; };
		84C299752876E8F80034B735 /* InjectedValuesExtensions.swift in Sources */ = {isa = PBXBuildFile; fileRef = 84C299742876E8F80034B735 /* InjectedValuesExtensions.swift */; };
		84ED240D286C9515002A3186 /* CallView.swift in Sources */ = {isa = PBXBuildFile; fileRef = 84ED240C286C9515002A3186 /* CallView.swift */; };
		84ED240F286C9530002A3186 /* CallViewModel.swift in Sources */ = {isa = PBXBuildFile; fileRef = 84ED240E286C9530002A3186 /* CallViewModel.swift */; };
		84ED2413286CA414002A3186 /* RoomView.swift in Sources */ = {isa = PBXBuildFile; fileRef = 84ED2412286CA414002A3186 /* RoomView.swift */; };
		84ED2415286CABD1002A3186 /* ParticipantView.swift in Sources */ = {isa = PBXBuildFile; fileRef = 84ED2414286CABD1002A3186 /* ParticipantView.swift */; };
		84ED2417286D86AE002A3186 /* ParticipantLayout.swift in Sources */ = {isa = PBXBuildFile; fileRef = 84ED2416286D86AE002A3186 /* ParticipantLayout.swift */; };
		84ED241C286F12B5002A3186 /* models.pb.swift in Sources */ = {isa = PBXBuildFile; fileRef = 84ED2418286F12B5002A3186 /* models.pb.swift */; };
		84ED241D286F12B5002A3186 /* validate.pb.swift in Sources */ = {isa = PBXBuildFile; fileRef = 84ED2419286F12B5002A3186 /* validate.pb.swift */; };
		84ED241E286F12B5002A3186 /* coordinator_service.pb.swift in Sources */ = {isa = PBXBuildFile; fileRef = 84ED241A286F12B5002A3186 /* coordinator_service.pb.swift */; };
		84ED241F286F12B5002A3186 /* events.pb.swift in Sources */ = {isa = PBXBuildFile; fileRef = 84ED241B286F12B5002A3186 /* events.pb.swift */; };
		84ED2421286F199E002A3186 /* stream.video.coordinator_service.twirp.swift in Sources */ = {isa = PBXBuildFile; fileRef = 84ED2420286F199E002A3186 /* stream.video.coordinator_service.twirp.swift */; };
		84F73FA0286C5011006A39C3 /* LiveKit in Frameworks */ = {isa = PBXBuildFile; productRef = 84F73F9F286C5011006A39C3 /* LiveKit */; };
/* End PBXBuildFile section */

/* Begin PBXFileReference section */
		842D8BC32865B31B00801910 /* StreamVideoSwiftUI.app */ = {isa = PBXFileReference; explicitFileType = wrapper.application; includeInIndex = 0; path = StreamVideoSwiftUI.app; sourceTree = BUILT_PRODUCTS_DIR; };
		842D8BD52865B37800801910 /* StreamVideoSwiftUIApp.swift */ = {isa = PBXFileReference; fileEncoding = 4; lastKnownFileType = sourcecode.swift; path = StreamVideoSwiftUIApp.swift; sourceTree = "<group>"; };
		842D8BD62865B37800801910 /* Assets.xcassets */ = {isa = PBXFileReference; lastKnownFileType = folder.assetcatalog; path = Assets.xcassets; sourceTree = "<group>"; };
		842D8BD82865B37800801910 /* Preview Assets.xcassets */ = {isa = PBXFileReference; lastKnownFileType = folder.assetcatalog; path = "Preview Assets.xcassets"; sourceTree = "<group>"; };
		842D8BDF2865B5CB00801910 /* WebSocketProvider.swift */ = {isa = PBXFileReference; lastKnownFileType = sourcecode.swift; path = WebSocketProvider.swift; sourceTree = "<group>"; };
		842D8BE12865B62A00801910 /* SignallingClient.swift */ = {isa = PBXFileReference; lastKnownFileType = sourcecode.swift; path = SignallingClient.swift; sourceTree = "<group>"; };
		842D8BE62865B70C00801910 /* Message.swift */ = {isa = PBXFileReference; lastKnownFileType = sourcecode.swift; path = Message.swift; sourceTree = "<group>"; };
		842D8BE82865B74E00801910 /* SessionDescription.swift */ = {isa = PBXFileReference; lastKnownFileType = sourcecode.swift; path = SessionDescription.swift; sourceTree = "<group>"; };
		842D8BEA2865B76A00801910 /* IceCandidate.swift */ = {isa = PBXFileReference; lastKnownFileType = sourcecode.swift; path = IceCandidate.swift; sourceTree = "<group>"; };
		842D8BEC2865B78A00801910 /* RTCStates.swift */ = {isa = PBXFileReference; lastKnownFileType = sourcecode.swift; path = RTCStates.swift; sourceTree = "<group>"; };
		842D8BEE2865B7E100801910 /* Config.swift */ = {isa = PBXFileReference; lastKnownFileType = sourcecode.swift; path = Config.swift; sourceTree = "<group>"; };
		842D8BF02865B81800801910 /* WebRTCClient.swift */ = {isa = PBXFileReference; lastKnownFileType = sourcecode.swift; path = WebRTCClient.swift; sourceTree = "<group>"; };
		842D8BF22865B9FF00801910 /* HomeView.swift */ = {isa = PBXFileReference; lastKnownFileType = sourcecode.swift; path = HomeView.swift; sourceTree = "<group>"; };
		842D8BF42865BA5B00801910 /* HomeViewModel.swift */ = {isa = PBXFileReference; lastKnownFileType = sourcecode.swift; path = HomeViewModel.swift; sourceTree = "<group>"; };
		842D8BF62865BC8D00801910 /* VideoView.swift */ = {isa = PBXFileReference; lastKnownFileType = sourcecode.swift; path = VideoView.swift; sourceTree = "<group>"; };
		842D8BF82865BC9900801910 /* VideoViewModel.swift */ = {isa = PBXFileReference; lastKnownFileType = sourcecode.swift; path = VideoViewModel.swift; sourceTree = "<group>"; };
		842D8BFA2865C23800801910 /* ViewModelFactory.swift */ = {isa = PBXFileReference; lastKnownFileType = sourcecode.swift; path = ViewModelFactory.swift; sourceTree = "<group>"; };
		842D8BFC2865CEA200801910 /* CameraView.swift */ = {isa = PBXFileReference; lastKnownFileType = sourcecode.swift; path = CameraView.swift; sourceTree = "<group>"; };
		842D8BFE2865F26300801910 /* HelperViews.swift */ = {isa = PBXFileReference; lastKnownFileType = sourcecode.swift; path = HelperViews.swift; sourceTree = "<group>"; };
		84C2996928757F820034B735 /* StreamVideoSwiftUI-Info.plist */ = {isa = PBXFileReference; lastKnownFileType = text.plist; path = "StreamVideoSwiftUI-Info.plist"; sourceTree = "<group>"; };
		84C2996B2876D93D0034B735 /* Room.swift */ = {isa = PBXFileReference; lastKnownFileType = sourcecode.swift; path = Room.swift; sourceTree = "<group>"; };
		84C2996D2876E42D0034B735 /* StreamVideo.swift */ = {isa = PBXFileReference; lastKnownFileType = sourcecode.swift; path = StreamVideo.swift; sourceTree = "<group>"; };
		84C2996F2876E5DC0034B735 /* VideoService.swift */ = {isa = PBXFileReference; lastKnownFileType = sourcecode.swift; path = VideoService.swift; sourceTree = "<group>"; };
		84C299722876E8C90034B735 /* InjectedValues.swift */ = {isa = PBXFileReference; lastKnownFileType = sourcecode.swift; path = InjectedValues.swift; sourceTree = "<group>"; };
		84C299742876E8F80034B735 /* InjectedValuesExtensions.swift */ = {isa = PBXFileReference; lastKnownFileType = sourcecode.swift; path = InjectedValuesExtensions.swift; sourceTree = "<group>"; };
		84ED240C286C9515002A3186 /* CallView.swift */ = {isa = PBXFileReference; lastKnownFileType = sourcecode.swift; path = CallView.swift; sourceTree = "<group>"; };
		84ED240E286C9530002A3186 /* CallViewModel.swift */ = {isa = PBXFileReference; lastKnownFileType = sourcecode.swift; path = CallViewModel.swift; sourceTree = "<group>"; };
		84ED2412286CA414002A3186 /* RoomView.swift */ = {isa = PBXFileReference; lastKnownFileType = sourcecode.swift; path = RoomView.swift; sourceTree = "<group>"; };
		84ED2414286CABD1002A3186 /* ParticipantView.swift */ = {isa = PBXFileReference; lastKnownFileType = sourcecode.swift; path = ParticipantView.swift; sourceTree = "<group>"; };
		84ED2416286D86AE002A3186 /* ParticipantLayout.swift */ = {isa = PBXFileReference; lastKnownFileType = sourcecode.swift; path = ParticipantLayout.swift; sourceTree = "<group>"; };
		84ED2418286F12B5002A3186 /* models.pb.swift */ = {isa = PBXFileReference; fileEncoding = 4; lastKnownFileType = sourcecode.swift; path = models.pb.swift; sourceTree = "<group>"; };
		84ED2419286F12B5002A3186 /* validate.pb.swift */ = {isa = PBXFileReference; fileEncoding = 4; lastKnownFileType = sourcecode.swift; path = validate.pb.swift; sourceTree = "<group>"; };
		84ED241A286F12B5002A3186 /* coordinator_service.pb.swift */ = {isa = PBXFileReference; fileEncoding = 4; lastKnownFileType = sourcecode.swift; path = coordinator_service.pb.swift; sourceTree = "<group>"; };
		84ED241B286F12B5002A3186 /* events.pb.swift */ = {isa = PBXFileReference; fileEncoding = 4; lastKnownFileType = sourcecode.swift; path = events.pb.swift; sourceTree = "<group>"; };
		84ED2420286F199E002A3186 /* stream.video.coordinator_service.twirp.swift */ = {isa = PBXFileReference; fileEncoding = 4; lastKnownFileType = sourcecode.swift; path = stream.video.coordinator_service.twirp.swift; sourceTree = "<group>"; };
/* End PBXFileReference section */

/* Begin PBXFrameworksBuildPhase section */
		842D8BC02865B31B00801910 /* Frameworks */ = {
			isa = PBXFrameworksBuildPhase;
			buildActionMask = 2147483647;
			files = (
				84F73FA0286C5011006A39C3 /* LiveKit in Frameworks */,
			);
			runOnlyForDeploymentPostprocessing = 0;
		};
/* End PBXFrameworksBuildPhase section */

/* Begin PBXGroup section */
		842D8BBA2865B31B00801910 = {
			isa = PBXGroup;
			children = (
				84C2996928757F820034B735 /* StreamVideoSwiftUI-Info.plist */,
				842D8BD42865B37800801910 /* DemoApp */,
				842D8BC42865B31B00801910 /* Products */,
			);
			sourceTree = "<group>";
		};
		842D8BC42865B31B00801910 /* Products */ = {
			isa = PBXGroup;
			children = (
				842D8BC32865B31B00801910 /* StreamVideoSwiftUI.app */,
			);
			name = Products;
			sourceTree = "<group>";
		};
		842D8BD42865B37800801910 /* DemoApp */ = {
			isa = PBXGroup;
			children = (
				84C2996A2876D8B50034B735 /* VideoService */,
				84ED240B286C9500002A3186 /* protobuf */,
				84ED240A286C94C5002A3186 /* old */,
				842D8BD52865B37800801910 /* StreamVideoSwiftUIApp.swift */,
				84ED2412286CA414002A3186 /* RoomView.swift */,
				84ED240C286C9515002A3186 /* CallView.swift */,
				84ED240E286C9530002A3186 /* CallViewModel.swift */,
				84ED2414286CABD1002A3186 /* ParticipantView.swift */,
				84ED2416286D86AE002A3186 /* ParticipantLayout.swift */,
				842D8BD62865B37800801910 /* Assets.xcassets */,
				842D8BD72865B37800801910 /* Preview Content */,
			);
			path = DemoApp;
			sourceTree = "<group>";
		};
		842D8BD72865B37800801910 /* Preview Content */ = {
			isa = PBXGroup;
			children = (
				842D8BD82865B37800801910 /* Preview Assets.xcassets */,
			);
			path = "Preview Content";
			sourceTree = "<group>";
		};
		842D8BDE2865B5A000801910 /* WebRTC */ = {
			isa = PBXGroup;
			children = (
				842D8BF02865B81800801910 /* WebRTCClient.swift */,
				842D8BDF2865B5CB00801910 /* WebSocketProvider.swift */,
				842D8BE12865B62A00801910 /* SignallingClient.swift */,
				842D8BE62865B70C00801910 /* Message.swift */,
				842D8BE82865B74E00801910 /* SessionDescription.swift */,
				842D8BEA2865B76A00801910 /* IceCandidate.swift */,
				842D8BEC2865B78A00801910 /* RTCStates.swift */,
				842D8BEE2865B7E100801910 /* Config.swift */,
			);
			path = WebRTC;
			sourceTree = "<group>";
		};
		84C2996A2876D8B50034B735 /* VideoService */ = {
			isa = PBXGroup;
			children = (
				84C299712876E77E0034B735 /* DependencyInjection */,
				84C2996D2876E42D0034B735 /* StreamVideo.swift */,
				84C2996B2876D93D0034B735 /* Room.swift */,
				84C2996F2876E5DC0034B735 /* VideoService.swift */,
			);
			path = VideoService;
			sourceTree = "<group>";
		};
		84C299712876E77E0034B735 /* DependencyInjection */ = {
			isa = PBXGroup;
			children = (
				84C299722876E8C90034B735 /* InjectedValues.swift */,
				84C299742876E8F80034B735 /* InjectedValuesExtensions.swift */,
			);
			path = DependencyInjection;
			sourceTree = "<group>";
		};
		84ED240A286C94C5002A3186 /* old */ = {
			isa = PBXGroup;
			children = (
				842D8BDE2865B5A000801910 /* WebRTC */,
				842D8BF22865B9FF00801910 /* HomeView.swift */,
				842D8BF42865BA5B00801910 /* HomeViewModel.swift */,
				842D8BF62865BC8D00801910 /* VideoView.swift */,
				842D8BF82865BC9900801910 /* VideoViewModel.swift */,
				842D8BFC2865CEA200801910 /* CameraView.swift */,
				842D8BFE2865F26300801910 /* HelperViews.swift */,
				842D8BFA2865C23800801910 /* ViewModelFactory.swift */,
			);
			path = old;
			sourceTree = "<group>";
		};
		84ED240B286C9500002A3186 /* protobuf */ = {
			isa = PBXGroup;
			children = (
				84ED2420286F199E002A3186 /* stream.video.coordinator_service.twirp.swift */,
				84ED241A286F12B5002A3186 /* coordinator_service.pb.swift */,
				84ED241B286F12B5002A3186 /* events.pb.swift */,
				84ED2418286F12B5002A3186 /* models.pb.swift */,
				84ED2419286F12B5002A3186 /* validate.pb.swift */,
			);
			path = protobuf;
			sourceTree = "<group>";
		};
/* End PBXGroup section */

/* Begin PBXNativeTarget section */
		842D8BC22865B31B00801910 /* StreamVideoSwiftUI */ = {
			isa = PBXNativeTarget;
			buildConfigurationList = 842D8BD12865B31D00801910 /* Build configuration list for PBXNativeTarget "StreamVideoSwiftUI" */;
			buildPhases = (
				842D8BBF2865B31B00801910 /* Sources */,
				842D8BC02865B31B00801910 /* Frameworks */,
				842D8BC12865B31B00801910 /* Resources */,
			);
			buildRules = (
			);
			dependencies = (
			);
			name = StreamVideoSwiftUI;
			packageProductDependencies = (
				84F73F9F286C5011006A39C3 /* LiveKit */,
			);
			productName = StreamVideoSwiftUI;
			productReference = 842D8BC32865B31B00801910 /* StreamVideoSwiftUI.app */;
			productType = "com.apple.product-type.application";
		};
/* End PBXNativeTarget section */

/* Begin PBXProject section */
		842D8BBB2865B31B00801910 /* Project object */ = {
			isa = PBXProject;
			attributes = {
				BuildIndependentTargetsInParallel = 1;
				LastSwiftUpdateCheck = 1330;
				LastUpgradeCheck = 1330;
				TargetAttributes = {
					842D8BC22865B31B00801910 = {
						CreatedOnToolsVersion = 13.3.1;
					};
				};
			};
			buildConfigurationList = 842D8BBE2865B31B00801910 /* Build configuration list for PBXProject "StreamVideoSwiftUI" */;
			compatibilityVersion = "Xcode 13.0";
			developmentRegion = en;
			hasScannedForEncodings = 0;
			knownRegions = (
				en,
				Base,
			);
			mainGroup = 842D8BBA2865B31B00801910;
			packageReferences = (
				84F73F9E286C5011006A39C3 /* XCRemoteSwiftPackageReference "client-sdk-swift" */,
			);
			productRefGroup = 842D8BC42865B31B00801910 /* Products */;
			projectDirPath = "";
			projectRoot = "";
			targets = (
				842D8BC22865B31B00801910 /* StreamVideoSwiftUI */,
			);
		};
/* End PBXProject section */

/* Begin PBXResourcesBuildPhase section */
		842D8BC12865B31B00801910 /* Resources */ = {
			isa = PBXResourcesBuildPhase;
			buildActionMask = 2147483647;
			files = (
				842D8BDC2865B37800801910 /* Preview Assets.xcassets in Resources */,
				842D8BDB2865B37800801910 /* Assets.xcassets in Resources */,
			);
			runOnlyForDeploymentPostprocessing = 0;
		};
/* End PBXResourcesBuildPhase section */

/* Begin PBXSourcesBuildPhase section */
		842D8BBF2865B31B00801910 /* Sources */ = {
			isa = PBXSourcesBuildPhase;
			buildActionMask = 2147483647;
			files = (
				842D8BEB2865B76A00801910 /* IceCandidate.swift in Sources */,
				842D8BF12865B81800801910 /* WebRTCClient.swift in Sources */,
				84C2996C2876D93D0034B735 /* Room.swift in Sources */,
				842D8BE22865B62A00801910 /* SignallingClient.swift in Sources */,
				842D8BFD2865CEA200801910 /* CameraView.swift in Sources */,
				842D8BEF2865B7E100801910 /* Config.swift in Sources */,
				842D8BF92865BC9900801910 /* VideoViewModel.swift in Sources */,
				84ED240F286C9530002A3186 /* CallViewModel.swift in Sources */,
				84C299732876E8C90034B735 /* InjectedValues.swift in Sources */,
				842D8BE92865B74E00801910 /* SessionDescription.swift in Sources */,
				842D8BF32865B9FF00801910 /* HomeView.swift in Sources */,
				84ED241F286F12B5002A3186 /* events.pb.swift in Sources */,
				84ED240D286C9515002A3186 /* CallView.swift in Sources */,
				842D8BF52865BA5B00801910 /* HomeViewModel.swift in Sources */,
				84C299752876E8F80034B735 /* InjectedValuesExtensions.swift in Sources */,
				842D8BE72865B70C00801910 /* Message.swift in Sources */,
				84ED2417286D86AE002A3186 /* ParticipantLayout.swift in Sources */,
				842D8BFF2865F26300801910 /* HelperViews.swift in Sources */,
				84ED241D286F12B5002A3186 /* validate.pb.swift in Sources */,
				84ED241C286F12B5002A3186 /* models.pb.swift in Sources */,
				84ED2413286CA414002A3186 /* RoomView.swift in Sources */,
				84ED2421286F199E002A3186 /* stream.video.coordinator_service.twirp.swift in Sources */,
				842D8BDA2865B37800801910 /* StreamVideoSwiftUIApp.swift in Sources */,
				842D8BE02865B5CB00801910 /* WebSocketProvider.swift in Sources */,
				84C299702876E5DC0034B735 /* VideoService.swift in Sources */,
				84ED2415286CABD1002A3186 /* ParticipantView.swift in Sources */,
				842D8BED2865B78A00801910 /* RTCStates.swift in Sources */,
				842D8BF72865BC8D00801910 /* VideoView.swift in Sources */,
				84ED241E286F12B5002A3186 /* coordinator_service.pb.swift in Sources */,
				842D8BFB2865C23800801910 /* ViewModelFactory.swift in Sources */,
				84C2996E2876E42E0034B735 /* StreamVideo.swift in Sources */,
			);
			runOnlyForDeploymentPostprocessing = 0;
		};
/* End PBXSourcesBuildPhase section */

/* Begin XCBuildConfiguration section */
		842D8BCF2865B31D00801910 /* Debug */ = {
			isa = XCBuildConfiguration;
			buildSettings = {
				ALWAYS_SEARCH_USER_PATHS = NO;
				CLANG_ANALYZER_NONNULL = YES;
				CLANG_ANALYZER_NUMBER_OBJECT_CONVERSION = YES_AGGRESSIVE;
				CLANG_CXX_LANGUAGE_STANDARD = "gnu++17";
				CLANG_ENABLE_MODULES = YES;
				CLANG_ENABLE_OBJC_ARC = YES;
				CLANG_ENABLE_OBJC_WEAK = YES;
				CLANG_WARN_BLOCK_CAPTURE_AUTORELEASING = YES;
				CLANG_WARN_BOOL_CONVERSION = YES;
				CLANG_WARN_COMMA = YES;
				CLANG_WARN_CONSTANT_CONVERSION = YES;
				CLANG_WARN_DEPRECATED_OBJC_IMPLEMENTATIONS = YES;
				CLANG_WARN_DIRECT_OBJC_ISA_USAGE = YES_ERROR;
				CLANG_WARN_DOCUMENTATION_COMMENTS = YES;
				CLANG_WARN_EMPTY_BODY = YES;
				CLANG_WARN_ENUM_CONVERSION = YES;
				CLANG_WARN_INFINITE_RECURSION = YES;
				CLANG_WARN_INT_CONVERSION = YES;
				CLANG_WARN_NON_LITERAL_NULL_CONVERSION = YES;
				CLANG_WARN_OBJC_IMPLICIT_RETAIN_SELF = YES;
				CLANG_WARN_OBJC_LITERAL_CONVERSION = YES;
				CLANG_WARN_OBJC_ROOT_CLASS = YES_ERROR;
				CLANG_WARN_QUOTED_INCLUDE_IN_FRAMEWORK_HEADER = YES;
				CLANG_WARN_RANGE_LOOP_ANALYSIS = YES;
				CLANG_WARN_STRICT_PROTOTYPES = YES;
				CLANG_WARN_SUSPICIOUS_MOVE = YES;
				CLANG_WARN_UNGUARDED_AVAILABILITY = YES_AGGRESSIVE;
				CLANG_WARN_UNREACHABLE_CODE = YES;
				CLANG_WARN__DUPLICATE_METHOD_MATCH = YES;
				COPY_PHASE_STRIP = NO;
				DEBUG_INFORMATION_FORMAT = dwarf;
				ENABLE_BITCODE = NO;
				ENABLE_STRICT_OBJC_MSGSEND = YES;
				ENABLE_TESTABILITY = YES;
				GCC_C_LANGUAGE_STANDARD = gnu11;
				GCC_DYNAMIC_NO_PIC = NO;
				GCC_NO_COMMON_BLOCKS = YES;
				GCC_OPTIMIZATION_LEVEL = 0;
				GCC_PREPROCESSOR_DEFINITIONS = (
					"DEBUG=1",
					"$(inherited)",
				);
				GCC_WARN_64_TO_32_BIT_CONVERSION = YES;
				GCC_WARN_ABOUT_RETURN_TYPE = YES_ERROR;
				GCC_WARN_UNDECLARED_SELECTOR = YES;
				GCC_WARN_UNINITIALIZED_AUTOS = YES_AGGRESSIVE;
				GCC_WARN_UNUSED_FUNCTION = YES;
				GCC_WARN_UNUSED_VARIABLE = YES;
				IPHONEOS_DEPLOYMENT_TARGET = 14.0;
				MTL_ENABLE_DEBUG_INFO = INCLUDE_SOURCE;
				MTL_FAST_MATH = YES;
				ONLY_ACTIVE_ARCH = YES;
				SDKROOT = iphoneos;
				SWIFT_ACTIVE_COMPILATION_CONDITIONS = DEBUG;
				SWIFT_OPTIMIZATION_LEVEL = "-Onone";
			};
			name = Debug;
		};
		842D8BD02865B31D00801910 /* Release */ = {
			isa = XCBuildConfiguration;
			buildSettings = {
				ALWAYS_SEARCH_USER_PATHS = NO;
				CLANG_ANALYZER_NONNULL = YES;
				CLANG_ANALYZER_NUMBER_OBJECT_CONVERSION = YES_AGGRESSIVE;
				CLANG_CXX_LANGUAGE_STANDARD = "gnu++17";
				CLANG_ENABLE_MODULES = YES;
				CLANG_ENABLE_OBJC_ARC = YES;
				CLANG_ENABLE_OBJC_WEAK = YES;
				CLANG_WARN_BLOCK_CAPTURE_AUTORELEASING = YES;
				CLANG_WARN_BOOL_CONVERSION = YES;
				CLANG_WARN_COMMA = YES;
				CLANG_WARN_CONSTANT_CONVERSION = YES;
				CLANG_WARN_DEPRECATED_OBJC_IMPLEMENTATIONS = YES;
				CLANG_WARN_DIRECT_OBJC_ISA_USAGE = YES_ERROR;
				CLANG_WARN_DOCUMENTATION_COMMENTS = YES;
				CLANG_WARN_EMPTY_BODY = YES;
				CLANG_WARN_ENUM_CONVERSION = YES;
				CLANG_WARN_INFINITE_RECURSION = YES;
				CLANG_WARN_INT_CONVERSION = YES;
				CLANG_WARN_NON_LITERAL_NULL_CONVERSION = YES;
				CLANG_WARN_OBJC_IMPLICIT_RETAIN_SELF = YES;
				CLANG_WARN_OBJC_LITERAL_CONVERSION = YES;
				CLANG_WARN_OBJC_ROOT_CLASS = YES_ERROR;
				CLANG_WARN_QUOTED_INCLUDE_IN_FRAMEWORK_HEADER = YES;
				CLANG_WARN_RANGE_LOOP_ANALYSIS = YES;
				CLANG_WARN_STRICT_PROTOTYPES = YES;
				CLANG_WARN_SUSPICIOUS_MOVE = YES;
				CLANG_WARN_UNGUARDED_AVAILABILITY = YES_AGGRESSIVE;
				CLANG_WARN_UNREACHABLE_CODE = YES;
				CLANG_WARN__DUPLICATE_METHOD_MATCH = YES;
				COPY_PHASE_STRIP = NO;
				DEBUG_INFORMATION_FORMAT = "dwarf-with-dsym";
				ENABLE_BITCODE = NO;
				ENABLE_NS_ASSERTIONS = NO;
				ENABLE_STRICT_OBJC_MSGSEND = YES;
				GCC_C_LANGUAGE_STANDARD = gnu11;
				GCC_NO_COMMON_BLOCKS = YES;
				GCC_WARN_64_TO_32_BIT_CONVERSION = YES;
				GCC_WARN_ABOUT_RETURN_TYPE = YES_ERROR;
				GCC_WARN_UNDECLARED_SELECTOR = YES;
				GCC_WARN_UNINITIALIZED_AUTOS = YES_AGGRESSIVE;
				GCC_WARN_UNUSED_FUNCTION = YES;
				GCC_WARN_UNUSED_VARIABLE = YES;
				IPHONEOS_DEPLOYMENT_TARGET = 14.0;
				MTL_ENABLE_DEBUG_INFO = NO;
				MTL_FAST_MATH = YES;
				SDKROOT = iphoneos;
				SWIFT_COMPILATION_MODE = wholemodule;
				SWIFT_OPTIMIZATION_LEVEL = "-O";
				VALIDATE_PRODUCT = YES;
			};
			name = Release;
		};
		842D8BD22865B31D00801910 /* Debug */ = {
			isa = XCBuildConfiguration;
			buildSettings = {
				ASSETCATALOG_COMPILER_APPICON_NAME = AppIcon;
				ASSETCATALOG_COMPILER_GLOBAL_ACCENT_COLOR_NAME = AccentColor;
				CODE_SIGN_STYLE = Automatic;
				CURRENT_PROJECT_VERSION = 1;
				DEVELOPMENT_ASSET_PATHS = "\"DemoApp/Preview Content\"";
				DEVELOPMENT_TEAM = EHV7XZLAHA;
				ENABLE_PREVIEWS = YES;
				GENERATE_INFOPLIST_FILE = YES;
				INFOPLIST_FILE = "StreamVideoSwiftUI-Info.plist";
				INFOPLIST_KEY_NSCameraUsageDescription = "Camera access needed for a video call.";
				INFOPLIST_KEY_NSMicrophoneUsageDescription = "Microphone access needed for establishing a call.";
				INFOPLIST_KEY_UIApplicationSceneManifest_Generation = YES;
				INFOPLIST_KEY_UIApplicationSupportsIndirectInputEvents = YES;
				INFOPLIST_KEY_UILaunchScreen_Generation = YES;
				INFOPLIST_KEY_UISupportedInterfaceOrientations_iPad = "UIInterfaceOrientationPortrait UIInterfaceOrientationPortraitUpsideDown UIInterfaceOrientationLandscapeLeft UIInterfaceOrientationLandscapeRight";
				INFOPLIST_KEY_UISupportedInterfaceOrientations_iPhone = "UIInterfaceOrientationPortrait UIInterfaceOrientationLandscapeLeft UIInterfaceOrientationLandscapeRight";
				LD_RUNPATH_SEARCH_PATHS = (
					"$(inherited)",
					"@executable_path/Frameworks",
				);
				MARKETING_VERSION = 1.0;
				PRODUCT_BUNDLE_IDENTIFIER = io.getstream.iOS.StreamVideoSwiftUI;
				PRODUCT_NAME = "$(TARGET_NAME)";
				SWIFT_EMIT_LOC_STRINGS = YES;
				SWIFT_VERSION = 5.0;
				TARGETED_DEVICE_FAMILY = "1,2";
			};
			name = Debug;
		};
		842D8BD32865B31D00801910 /* Release */ = {
			isa = XCBuildConfiguration;
			buildSettings = {
				ASSETCATALOG_COMPILER_APPICON_NAME = AppIcon;
				ASSETCATALOG_COMPILER_GLOBAL_ACCENT_COLOR_NAME = AccentColor;
				CODE_SIGN_STYLE = Automatic;
				CURRENT_PROJECT_VERSION = 1;
				DEVELOPMENT_ASSET_PATHS = "\"DemoApp/Preview Content\"";
				DEVELOPMENT_TEAM = EHV7XZLAHA;
				ENABLE_PREVIEWS = YES;
				GENERATE_INFOPLIST_FILE = YES;
				INFOPLIST_FILE = "StreamVideoSwiftUI-Info.plist";
				INFOPLIST_KEY_NSCameraUsageDescription = "Camera access needed for a video call.";
				INFOPLIST_KEY_NSMicrophoneUsageDescription = "Microphone access needed for establishing a call.";
				INFOPLIST_KEY_UIApplicationSceneManifest_Generation = YES;
				INFOPLIST_KEY_UIApplicationSupportsIndirectInputEvents = YES;
				INFOPLIST_KEY_UILaunchScreen_Generation = YES;
				INFOPLIST_KEY_UISupportedInterfaceOrientations_iPad = "UIInterfaceOrientationPortrait UIInterfaceOrientationPortraitUpsideDown UIInterfaceOrientationLandscapeLeft UIInterfaceOrientationLandscapeRight";
				INFOPLIST_KEY_UISupportedInterfaceOrientations_iPhone = "UIInterfaceOrientationPortrait UIInterfaceOrientationLandscapeLeft UIInterfaceOrientationLandscapeRight";
				LD_RUNPATH_SEARCH_PATHS = (
					"$(inherited)",
					"@executable_path/Frameworks",
				);
				MARKETING_VERSION = 1.0;
				PRODUCT_BUNDLE_IDENTIFIER = io.getstream.iOS.StreamVideoSwiftUI;
				PRODUCT_NAME = "$(TARGET_NAME)";
				SWIFT_EMIT_LOC_STRINGS = YES;
				SWIFT_VERSION = 5.0;
				TARGETED_DEVICE_FAMILY = "1,2";
			};
			name = Release;
		};
/* End XCBuildConfiguration section */

/* Begin XCConfigurationList section */
		842D8BBE2865B31B00801910 /* Build configuration list for PBXProject "StreamVideoSwiftUI" */ = {
			isa = XCConfigurationList;
			buildConfigurations = (
				842D8BCF2865B31D00801910 /* Debug */,
				842D8BD02865B31D00801910 /* Release */,
			);
			defaultConfigurationIsVisible = 0;
			defaultConfigurationName = Release;
		};
		842D8BD12865B31D00801910 /* Build configuration list for PBXNativeTarget "StreamVideoSwiftUI" */ = {
			isa = XCConfigurationList;
			buildConfigurations = (
				842D8BD22865B31D00801910 /* Debug */,
				842D8BD32865B31D00801910 /* Release */,
			);
			defaultConfigurationIsVisible = 0;
			defaultConfigurationName = Release;
		};
/* End XCConfigurationList section */

/* Begin XCRemoteSwiftPackageReference section */
		84F73F9E286C5011006A39C3 /* XCRemoteSwiftPackageReference "client-sdk-swift" */ = {
			isa = XCRemoteSwiftPackageReference;
			repositoryURL = "https://github.com/livekit/client-sdk-swift.git";
			requirement = {
				branch = main;
				kind = branch;
			};
		};
/* End XCRemoteSwiftPackageReference section */

/* Begin XCSwiftPackageProductDependency section */
		84F73F9F286C5011006A39C3 /* LiveKit */ = {
			isa = XCSwiftPackageProductDependency;
			package = 84F73F9E286C5011006A39C3 /* XCRemoteSwiftPackageReference "client-sdk-swift" */;
			productName = LiveKit;
		};
/* End XCSwiftPackageProductDependency section */
	};
	rootObject = 842D8BBB2865B31B00801910 /* Project object */;
}
